PODS:
  - Aspects (1.4.1)
  - Masonry (1.1.0)
  - SDWebImage (5.10.1):
    - SDWebImage/Core (= 5.10.1)
  - SDWebImage/Core (5.10.1)
  - YYKit (1.0.9):
    - YYKit/no-arc (= 1.0.9)
  - YYKit/no-arc (1.0.9)

DEPENDENCIES:
  - Aspects
  - Masonry
  - SDWebImage
  - YYKit

SPEC REPOS:
  trunk:
    - Aspects
    - Masonry
    - SDWebImage
    - YYKit

SPEC CHECKSUMS:
  Aspects: 7595ba96a6727a58ebcbfc954497fc5d2fdde546
  Masonry: 678fab65091a9290e40e2832a55e7ab731aad201
  SDWebImage: f66a16b95183b92ed6b965ad21d33167bc07612d
  YYKit: 7cda43304a8dc3696c449041e2cb3107b4e236e7

PODFILE CHECKSUM: ad3af5a03006eac9988b9962942cec3dfae59c72

COCOAPODS: 1.9.3
