PODS:
  - Aspects (1.4.1)
  - SDWebImage (5.10.1):
    - SDWebImage/Core (= 5.10.1)
  - SDWebImage/Core (5.10.1)
  - YYKit (1.0.9):
    - YYKit/no-arc (= 1.0.9)
  - YYKit/no-arc (1.0.9)

DEPENDENCIES:
  - Aspects
  - SDWebImage
  - YYKit

SPEC REPOS:
  trunk:
    - Aspects
    - SDWebImage
    - YYKit

SPEC CHECKSUMS:
  Aspects: 7595ba96a6727a58ebcbfc954497fc5d2fdde546
  SDWebImage: f66a16b95183b92ed6b965ad21d33167bc07612d
  YYKit: 7cda43304a8dc3696c449041e2cb3107b4e236e7

PODFILE CHECKSUM: 28b0b5551645c5987975cd4c7b4739145688fcf4

COCOAPODS: 1.10.0
