// !$*UTF8*$!
{
	archiveVersion = 1;
	classes = {
	};
	objectVersion = 51;
	objects = {

/* Begin PBXBuildFile section */
		1801B91126DFBD7300639E72 /* NKDictionary.m in Sources */ = {isa = PBXBuildFile; fileRef = 1801B91026DFBD7300639E72 /* NKDictionary.m */; };
		180C6BF926FEC6E3004EEB67 /* LayoutLayer.m in Sources */ = {isa = PBXBuildFile; fileRef = 180C6BF826FEC6E3004EEB67 /* LayoutLayer.m */; };
		181A8AF526D71F3800922CA6 /* NKOperationViewController.m in Sources */ = {isa = PBXBuildFile; fileRef = 181A8AF426D71F3800922CA6 /* NKOperationViewController.m */; };
		181B4EB32635B33C0071526C /* main.m in Sources */ = {isa = PBXBuildFile; fileRef = 181B4EB22635B33C0071526C /* main.m */; };
		181B4EBF2635B3A00071526C /* NKClassEntry.m in Sources */ = {isa = PBXBuildFile; fileRef = 181B4EBE2635B3A00071526C /* NKClassEntry.m */; };
		182B99AC26F8C00100F55ECD /* NKResponderChainViewController.m in Sources */ = {isa = PBXBuildFile; fileRef = 182B99AB26F8C00100F55ECD /* NKResponderChainViewController.m */; };
		182B99AF26F8C90500F55ECD /* NKViewA.m in Sources */ = {isa = PBXBuildFile; fileRef = 182B99AE26F8C90500F55ECD /* NKViewA.m */; };
		182B99B226F8DC9B00F55ECD /* NKTapGestureRecognizer.m in Sources */ = {isa = PBXBuildFile; fileRef = 182B99B126F8DC9B00F55ECD /* NKTapGestureRecognizer.m */; };
		182B99B626FE1C9700F55ECD /* LayoutViewController.m in Sources */ = {isa = PBXBuildFile; fileRef = 182B99B526FE1C9700F55ECD /* LayoutViewController.m */; };
		182B99B926FE1D2800F55ECD /* LayoutBgView.m in Sources */ = {isa = PBXBuildFile; fileRef = 182B99B826FE1D2800F55ECD /* LayoutBgView.m */; };
		182E14F42597966F007343C4 /* AppDelegate.m in Sources */ = {isa = PBXBuildFile; fileRef = 182E14F32597966F007343C4 /* AppDelegate.m */; };
		182E14FF25979670007343C4 /* Assets.xcassets in Resources */ = {isa = PBXBuildFile; fileRef = 182E14FE25979670007343C4 /* Assets.xcassets */; };
		182E150225979670007343C4 /* LaunchScreen.storyboard in Resources */ = {isa = PBXBuildFile; fileRef = 182E150025979670007343C4 /* LaunchScreen.storyboard */; };
		182E150525979670007343C4 /* main.m in Sources */ = {isa = PBXBuildFile; fileRef = 182E150425979670007343C4 /* main.m */; };
		182E150F25979670007343C4 /* iOSStudyTests.m in Sources */ = {isa = PBXBuildFile; fileRef = 182E150E25979670007343C4 /* iOSStudyTests.m */; };
		182E151A25979670007343C4 /* iOSStudyUITests.m in Sources */ = {isa = PBXBuildFile; fileRef = 182E151925979670007343C4 /* iOSStudyUITests.m */; };
		182E154825980A8C007343C4 /* BaseViewController.m in Sources */ = {isa = PBXBuildFile; fileRef = 182E154725980A8C007343C4 /* BaseViewController.m */; };
		182E154E25981624007343C4 /* FeatureListViewController.m in Sources */ = {isa = PBXBuildFile; fileRef = 182E154D25981624007343C4 /* FeatureListViewController.m */; };
		184165DD26E04F43001398C5 /* NKUIViewLifeCircleController.m in Sources */ = {isa = PBXBuildFile; fileRef = 184165DC26E04F43001398C5 /* NKUIViewLifeCircleController.m */; };
		184165E026E0598D001398C5 /* NSObject+GCD.m in Sources */ = {isa = PBXBuildFile; fileRef = 184165DF26E0598D001398C5 /* NSObject+GCD.m */; };
		184165E426E27A18001398C5 /* NKPortViewController.m in Sources */ = {isa = PBXBuildFile; fileRef = 184165E326E27A18001398C5 /* NKPortViewController.m */; };
		184165E826E31403001398C5 /* NKProxy.m in Sources */ = {isa = PBXBuildFile; fileRef = 184165E726E31403001398C5 /* NKProxy.m */; };
		184165EC26E38506001398C5 /* NKCrashViewController.m in Sources */ = {isa = PBXBuildFile; fileRef = 184165EB26E38506001398C5 /* NKCrashViewController.m */; };
		1854064327511ED700EDB9A5 /* NetworkViewController.m in Sources */ = {isa = PBXBuildFile; fileRef = 1854064227511ED700EDB9A5 /* NetworkViewController.m */; };
		1855C87D2737CF540038E3AD /* FishhookViewController.m in Sources */ = {isa = PBXBuildFile; fileRef = 182FB5572737CB41001C6DC2 /* FishhookViewController.m */; };
		1855C8852737D0DD0038E3AD /* fishhook.c in Sources */ = {isa = PBXBuildFile; fileRef = 1855C8832737D03E0038E3AD /* fishhook.c */; };
		186CE6C02598298A00EA71B8 /* UIScreen+NKExtension.m in Sources */ = {isa = PBXBuildFile; fileRef = 186CE6BE2598298A00EA71B8 /* UIScreen+NKExtension.m */; };
		186CE6CC259829A300EA71B8 /* YYKitViewController.m in Sources */ = {isa = PBXBuildFile; fileRef = 186CE6C5259829A300EA71B8 /* YYKitViewController.m */; };
		186CE6CD259829A300EA71B8 /* MDHTMLLabel.m in Sources */ = {isa = PBXBuildFile; fileRef = 186CE6C8259829A300EA71B8 /* MDHTMLLabel.m */; };
		186CE6CE259829A300EA71B8 /* MDHTMLViewController.m in Sources */ = {isa = PBXBuildFile; fileRef = 186CE6C9259829A300EA71B8 /* MDHTMLViewController.m */; };
		186CE6D825989E5200EA71B8 /* NKAsyncLayer.m in Sources */ = {isa = PBXBuildFile; fileRef = 186CE6D725989E5200EA71B8 /* NKAsyncLayer.m */; };
		186CE6DE25989E6F00EA71B8 /* NKLabel.m in Sources */ = {isa = PBXBuildFile; fileRef = 186CE6DD25989E6F00EA71B8 /* NKLabel.m */; };
		186CE6ED2598C60C00EA71B8 /* NKTextLayout.m in Sources */ = {isa = PBXBuildFile; fileRef = 186CE6EC2598C60C00EA71B8 /* NKTextLayout.m */; };
		186CE6F32598C63700EA71B8 /* NKTextContainer.m in Sources */ = {isa = PBXBuildFile; fileRef = 186CE6F22598C63700EA71B8 /* NKTextContainer.m */; };
		186CE6F92598CE2000EA71B8 /* NKTextMacro.m in Sources */ = {isa = PBXBuildFile; fileRef = 186CE6F82598CE2000EA71B8 /* NKTextMacro.m */; };
		186CE7002598D5D300EA71B8 /* NKTextViewController.m in Sources */ = {isa = PBXBuildFile; fileRef = 186CE6FF2598D5D300EA71B8 /* NKTextViewController.m */; };
		186CE70925995E4E00EA71B8 /* NKTextLine.m in Sources */ = {isa = PBXBuildFile; fileRef = 186CE70825995E4E00EA71B8 /* NKTextLine.m */; };
		186E358F2640E4A400FC810F /* NKBlockEntry.m in Sources */ = {isa = PBXBuildFile; fileRef = 186E358E2640E4A400FC810F /* NKBlockEntry.m */; };
		186E35922644225200FC810F /* NKBlockCaptureObject.m in Sources */ = {isa = PBXBuildFile; fileRef = 186E35912644225200FC810F /* NKBlockCaptureObject.m */; };
		186E35962644264200FC810F /* NSObject+RetainCount.m in Sources */ = {isa = PBXBuildFile; fileRef = 186E35952644264200FC810F /* NSObject+RetainCount.m */; settings = {COMPILER_FLAGS = "-fno-objc-arc"; }; };
		186E359A2650DBB000FC810F /* NKRuntime.mm in Sources */ = {isa = PBXBuildFile; fileRef = 186E35992650DBB000FC810F /* NKRuntime.mm */; };
		187867F82713319200C87E48 /* OffScreenViewController.m in Sources */ = {isa = PBXBuildFile; fileRef = 187867F72713319200C87E48 /* OffScreenViewController.m */; };
		189EBE022764FECD00FD92BA /* BaseASDKViewController.m in Sources */ = {isa = PBXBuildFile; fileRef = 189EBE012764FECD00FD92BA /* BaseASDKViewController.m */; };
		189EBE08276504BC00FD92BA /* UINavigationBar+NKExtension.m in Sources */ = {isa = PBXBuildFile; fileRef = 189EBE07276504BC00FD92BA /* UINavigationBar+NKExtension.m */; };
		189EBE0B2765093800FD92BA /* UIWindow+SafeAreaInsets.m in Sources */ = {isa = PBXBuildFile; fileRef = 189EBE0A2765093800FD92BA /* UIWindow+SafeAreaInsets.m */; };
		18A2FC562752018000864595 /* UIDeviceMetrics.m in Sources */ = {isa = PBXBuildFile; fileRef = 18A2FC552752018000864595 /* UIDeviceMetrics.m */; };
		18A2FC5C27527E9700864595 /* HTTPMetricsManager.m in Sources */ = {isa = PBXBuildFile; fileRef = 18A2FC5B27527E9700864595 /* HTTPMetricsManager.m */; };
		18A2FC652752870B00864595 /* HMHTTPTransactionMetrics.m in Sources */ = {isa = PBXBuildFile; fileRef = 18A2FC642752870B00864595 /* HMHTTPTransactionMetrics.m */; };
		18A2FC68275CBF8B00864595 /* NSURLSession+Metrics.m in Sources */ = {isa = PBXBuildFile; fileRef = 18A2FC67275CBF8B00864595 /* NSURLSession+Metrics.m */; };
		18A2FC6B275CC2DB00864595 /* NSURLSessionDelegateProxy.m in Sources */ = {isa = PBXBuildFile; fileRef = 18A2FC6A275CC2DB00864595 /* NSURLSessionDelegateProxy.m */; };
		18A2FEEE275FADCB00864595 /* NKTextureViewController.m in Sources */ = {isa = PBXBuildFile; fileRef = 18A2FEED275FADCB00864595 /* NKTextureViewController.m */; };
		18A2FEF22760426F00864595 /* NKIGListKitViewController.m in Sources */ = {isa = PBXBuildFile; fileRef = 18A2FEF12760426F00864595 /* NKIGListKitViewController.m */; };
		18A9370F26C78638000088B7 /* LockViewController.m in Sources */ = {isa = PBXBuildFile; fileRef = 18A9370E26C78638000088B7 /* LockViewController.m */; };
		18A9371026C7887C000088B7 /* NSObject+RetainCount.m in Sources */ = {isa = PBXBuildFile; fileRef = 186E35952644264200FC810F /* NSObject+RetainCount.m */; settings = {COMPILER_FLAGS = "-fno-objc-arc"; }; };
		18A9371426C78AEF000088B7 /* Synchronized.m in Sources */ = {isa = PBXBuildFile; fileRef = 18A9371326C78AEF000088B7 /* Synchronized.m */; };
		18CF9AD2265D4C1D00A34A85 /* NKRunLoopViewController.m in Sources */ = {isa = PBXBuildFile; fileRef = 18CF9AD1265D4C1D00A34A85 /* NKRunLoopViewController.m */; };
		18CF9AD62663E05300A34A85 /* NKGCDViewController.m in Sources */ = {isa = PBXBuildFile; fileRef = 18CF9AD52663E05300A34A85 /* NKGCDViewController.m */; };
		18CF9AD92669A73500A34A85 /* NKHTTPClient.m in Sources */ = {isa = PBXBuildFile; fileRef = 18CF9AD82669A73500A34A85 /* NKHTTPClient.m */; };
		18CF9ADB2669AA4F00A34A85 /* NKHTTPClientTest.m in Sources */ = {isa = PBXBuildFile; fileRef = 18CF9ADA2669AA4F00A34A85 /* NKHTTPClientTest.m */; };
		18CF9AE0266B753000A34A85 /* NKTimerViewController.m in Sources */ = {isa = PBXBuildFile; fileRef = 18CF9ADF266B753000A34A85 /* NKTimerViewController.m */; };
		18CF9AE3266B7C3400A34A85 /* NKWeakProxy.m in Sources */ = {isa = PBXBuildFile; fileRef = 18CF9AE2266B7C3400A34A85 /* NKWeakProxy.m */; };
		18F6A00E2760F1EC009C9774 /* ASTextNodeViewController.m in Sources */ = {isa = PBXBuildFile; fileRef = 18F6A00D2760F1EC009C9774 /* ASTextNodeViewController.m */; };
		18F6A0112760F3BA009C9774 /* NKChatListViewController.m in Sources */ = {isa = PBXBuildFile; fileRef = 18F6A0102760F3BA009C9774 /* NKChatListViewController.m */; };
		18F6A0152760F4E2009C9774 /* NKChat.m in Sources */ = {isa = PBXBuildFile; fileRef = 18F6A0142760F4E2009C9774 /* NKChat.m */; };
		18F6A01B27625812009C9774 /* NKChatCellNode.swift in Sources */ = {isa = PBXBuildFile; fileRef = 18F6A01A27625812009C9774 /* NKChatCellNode.swift */; };
		564DE6EEE4050BA9C61E183E /* Pods_iOSStudy.framework in Frameworks */ = {isa = PBXBuildFile; fileRef = 566FA0030E572F51EADBDEF0 /* Pods_iOSStudy.framework */; };
		763A4F5F25BACBB900A46471 /* NKCGUtilities.m in Sources */ = {isa = PBXBuildFile; fileRef = 763A4F5E25BACBB900A46471 /* NKCGUtilities.m */; };
		766CF0D2272AD34800DBC236 /* CallStackViewController.m in Sources */ = {isa = PBXBuildFile; fileRef = 766CF0D1272AD34800DBC236 /* CallStackViewController.m */; };
		766CF0D5272AD43900DBC236 /* BSBacktraceLogger.m in Sources */ = {isa = PBXBuildFile; fileRef = 766CF0D3272AD43900DBC236 /* BSBacktraceLogger.m */; };
		76767D022715277600540259 /* NotificationViewController.m in Sources */ = {isa = PBXBuildFile; fileRef = 76767D012715277600540259 /* NotificationViewController.m */; };
		76767D0A2716DDF800540259 /* NKRunLoopActivityMonitor.m in Sources */ = {isa = PBXBuildFile; fileRef = 76767D092716DDF700540259 /* NKRunLoopActivityMonitor.m */; };
		767E612625A810C6007066F3 /* SDWebImageViewController.m in Sources */ = {isa = PBXBuildFile; fileRef = 767E612525A810C6007066F3 /* SDWebImageViewController.m */; };
		7684170027300B9100DC201A /* NKCallStackSymbols.m in Sources */ = {isa = PBXBuildFile; fileRef = 768416FF27300B9100DC201A /* NKCallStackSymbols.m */; };
		76841703273012B400DC201A /* NKProcessInfo.m in Sources */ = {isa = PBXBuildFile; fileRef = 76841702273012B400DC201A /* NKProcessInfo.m */; };
		76841706273012CD00DC201A /* NKThread.m in Sources */ = {isa = PBXBuildFile; fileRef = 76841705273012CD00DC201A /* NKThread.m */; };
		768715EF25B06727005C14A8 /* NKTextAttribute.m in Sources */ = {isa = PBXBuildFile; fileRef = 768715EE25B06727005C14A8 /* NKTextAttribute.m */; };
		76B150CB25C257540075D367 /* LaunchImageHelper.m in Sources */ = {isa = PBXBuildFile; fileRef = 76B150C925C257540075D367 /* LaunchImageHelper.m */; };
		76B150D125C2577F0075D367 /* BBADynamicLaunchImage.m in Sources */ = {isa = PBXBuildFile; fileRef = 76B150CF25C2577F0075D367 /* BBADynamicLaunchImage.m */; };
		76CC9656273168A30021EB92 /* NKStackFrame.m in Sources */ = {isa = PBXBuildFile; fileRef = 76CC9655273168A30021EB92 /* NKStackFrame.m */; };
		76E441A826E88DE00020C828 /* NKMonitor.m in Sources */ = {isa = PBXBuildFile; fileRef = 76E441A726E88DE00020C828 /* NKMonitor.m */; };
		899F9DE455E291B788819876 /* Pods_iOSStudy_iOSStudyUITests.framework in Frameworks */ = {isa = PBXBuildFile; fileRef = 0457CFF1207B5DE6C221E27A /* Pods_iOSStudy_iOSStudyUITests.framework */; };
		97D9578F04DB5215F1BD4100 /* Pods_iOSStudyTests.framework in Frameworks */ = {isa = PBXBuildFile; fileRef = EC6D35C70D12733982BE3901 /* Pods_iOSStudyTests.framework */; };
/* End PBXBuildFile section */

/* Begin PBXContainerItemProxy section */
		182E150B25979670007343C4 /* PBXContainerItemProxy */ = {
			isa = PBXContainerItemProxy;
			containerPortal = 182E14E72597966F007343C4 /* Project object */;
			proxyType = 1;
			remoteGlobalIDString = 182E14EE2597966F007343C4;
			remoteInfo = iOSStudy;
		};
		182E151625979670007343C4 /* PBXContainerItemProxy */ = {
			isa = PBXContainerItemProxy;
			containerPortal = 182E14E72597966F007343C4 /* Project object */;
			proxyType = 1;
			remoteGlobalIDString = 182E14EE2597966F007343C4;
			remoteInfo = iOSStudy;
		};
/* End PBXContainerItemProxy section */

/* Begin PBXCopyFilesBuildPhase section */
		181B4EAE2635B33C0071526C /* CopyFiles */ = {
			isa = PBXCopyFilesBuildPhase;
			buildActionMask = 2147483647;
			dstPath = /usr/share/man/man1/;
			dstSubfolderSpec = 0;
			files = (
			);
			runOnlyForDeploymentPostprocessing = 1;
		};
/* End PBXCopyFilesBuildPhase section */

/* Begin PBXFileReference section */
		0457CFF1207B5DE6C221E27A /* Pods_iOSStudy_iOSStudyUITests.framework */ = {isa = PBXFileReference; explicitFileType = wrapper.framework; includeInIndex = 0; path = Pods_iOSStudy_iOSStudyUITests.framework; sourceTree = BUILT_PRODUCTS_DIR; };
		1801B90F26DFBD7300639E72 /* NKDictionary.h */ = {isa = PBXFileReference; lastKnownFileType = sourcecode.c.h; path = NKDictionary.h; sourceTree = "<group>"; };
		1801B91026DFBD7300639E72 /* NKDictionary.m */ = {isa = PBXFileReference; lastKnownFileType = sourcecode.c.objc; path = NKDictionary.m; sourceTree = "<group>"; };
		1801B91226DFBDA600639E72 /* NKEntry.h */ = {isa = PBXFileReference; lastKnownFileType = sourcecode.c.h; path = NKEntry.h; sourceTree = "<group>"; };
		180C6BF726FEC6E3004EEB67 /* LayoutLayer.h */ = {isa = PBXFileReference; lastKnownFileType = sourcecode.c.h; path = LayoutLayer.h; sourceTree = "<group>"; };
		180C6BF826FEC6E3004EEB67 /* LayoutLayer.m */ = {isa = PBXFileReference; lastKnownFileType = sourcecode.c.objc; path = LayoutLayer.m; sourceTree = "<group>"; };
		181A8AF326D71F3800922CA6 /* NKOperationViewController.h */ = {isa = PBXFileReference; lastKnownFileType = sourcecode.c.h; path = NKOperationViewController.h; sourceTree = "<group>"; };
		181A8AF426D71F3800922CA6 /* NKOperationViewController.m */ = {isa = PBXFileReference; lastKnownFileType = sourcecode.c.objc; path = NKOperationViewController.m; sourceTree = "<group>"; };
		181B4EB02635B33C0071526C /* Interview */ = {isa = PBXFileReference; explicitFileType = "compiled.mach-o.executable"; includeInIndex = 0; path = Interview; sourceTree = BUILT_PRODUCTS_DIR; };
		181B4EB22635B33C0071526C /* main.m */ = {isa = PBXFileReference; lastKnownFileType = sourcecode.c.objc; path = main.m; sourceTree = "<group>"; };
		181B4EBD2635B3A00071526C /* NKClassEntry.h */ = {isa = PBXFileReference; lastKnownFileType = sourcecode.c.h; path = NKClassEntry.h; sourceTree = "<group>"; };
		181B4EBE2635B3A00071526C /* NKClassEntry.m */ = {isa = PBXFileReference; lastKnownFileType = sourcecode.c.objc; path = NKClassEntry.m; sourceTree = "<group>"; };
		182B99AA26F8C00100F55ECD /* NKResponderChainViewController.h */ = {isa = PBXFileReference; lastKnownFileType = sourcecode.c.h; path = NKResponderChainViewController.h; sourceTree = "<group>"; };
		182B99AB26F8C00100F55ECD /* NKResponderChainViewController.m */ = {isa = PBXFileReference; lastKnownFileType = sourcecode.c.objc; path = NKResponderChainViewController.m; sourceTree = "<group>"; };
		182B99AD26F8C90500F55ECD /* NKViewA.h */ = {isa = PBXFileReference; lastKnownFileType = sourcecode.c.h; path = NKViewA.h; sourceTree = "<group>"; };
		182B99AE26F8C90500F55ECD /* NKViewA.m */ = {isa = PBXFileReference; lastKnownFileType = sourcecode.c.objc; path = NKViewA.m; sourceTree = "<group>"; };
		182B99B026F8DC9B00F55ECD /* NKTapGestureRecognizer.h */ = {isa = PBXFileReference; lastKnownFileType = sourcecode.c.h; path = NKTapGestureRecognizer.h; sourceTree = "<group>"; };
		182B99B126F8DC9B00F55ECD /* NKTapGestureRecognizer.m */ = {isa = PBXFileReference; lastKnownFileType = sourcecode.c.objc; path = NKTapGestureRecognizer.m; sourceTree = "<group>"; };
		182B99B426FE1C9700F55ECD /* LayoutViewController.h */ = {isa = PBXFileReference; lastKnownFileType = sourcecode.c.h; path = LayoutViewController.h; sourceTree = "<group>"; };
		182B99B526FE1C9700F55ECD /* LayoutViewController.m */ = {isa = PBXFileReference; lastKnownFileType = sourcecode.c.objc; path = LayoutViewController.m; sourceTree = "<group>"; };
		182B99B726FE1D2800F55ECD /* LayoutBgView.h */ = {isa = PBXFileReference; lastKnownFileType = sourcecode.c.h; path = LayoutBgView.h; sourceTree = "<group>"; };
		182B99B826FE1D2800F55ECD /* LayoutBgView.m */ = {isa = PBXFileReference; lastKnownFileType = sourcecode.c.objc; path = LayoutBgView.m; sourceTree = "<group>"; };
		182E14EF2597966F007343C4 /* iOSStudy.app */ = {isa = PBXFileReference; explicitFileType = wrapper.application; includeInIndex = 0; path = iOSStudy.app; sourceTree = BUILT_PRODUCTS_DIR; };
		182E14F22597966F007343C4 /* AppDelegate.h */ = {isa = PBXFileReference; lastKnownFileType = sourcecode.c.h; path = AppDelegate.h; sourceTree = "<group>"; };
		182E14F32597966F007343C4 /* AppDelegate.m */ = {isa = PBXFileReference; lastKnownFileType = sourcecode.c.objc; path = AppDelegate.m; sourceTree = "<group>"; };
		182E14FE25979670007343C4 /* Assets.xcassets */ = {isa = PBXFileReference; lastKnownFileType = folder.assetcatalog; path = Assets.xcassets; sourceTree = "<group>"; };
		182E150125979670007343C4 /* Base */ = {isa = PBXFileReference; lastKnownFileType = file.storyboard; name = Base; path = Base.lproj/LaunchScreen.storyboard; sourceTree = "<group>"; };
		182E150325979670007343C4 /* Info.plist */ = {isa = PBXFileReference; lastKnownFileType = text.plist.xml; path = Info.plist; sourceTree = "<group>"; };
		182E150425979670007343C4 /* main.m */ = {isa = PBXFileReference; lastKnownFileType = sourcecode.c.objc; path = main.m; sourceTree = "<group>"; };
		182E150A25979670007343C4 /* iOSStudyTests.xctest */ = {isa = PBXFileReference; explicitFileType = wrapper.cfbundle; includeInIndex = 0; path = iOSStudyTests.xctest; sourceTree = BUILT_PRODUCTS_DIR; };
		182E150E25979670007343C4 /* iOSStudyTests.m */ = {isa = PBXFileReference; lastKnownFileType = sourcecode.c.objc; path = iOSStudyTests.m; sourceTree = "<group>"; };
		182E151025979670007343C4 /* Info.plist */ = {isa = PBXFileReference; lastKnownFileType = text.plist.xml; path = Info.plist; sourceTree = "<group>"; };
		182E151525979670007343C4 /* iOSStudyUITests.xctest */ = {isa = PBXFileReference; explicitFileType = wrapper.cfbundle; includeInIndex = 0; path = iOSStudyUITests.xctest; sourceTree = BUILT_PRODUCTS_DIR; };
		182E151925979670007343C4 /* iOSStudyUITests.m */ = {isa = PBXFileReference; lastKnownFileType = sourcecode.c.objc; path = iOSStudyUITests.m; sourceTree = "<group>"; };
		182E151B25979670007343C4 /* Info.plist */ = {isa = PBXFileReference; lastKnownFileType = text.plist.xml; path = Info.plist; sourceTree = "<group>"; };
		182E154625980A8C007343C4 /* BaseViewController.h */ = {isa = PBXFileReference; lastKnownFileType = sourcecode.c.h; path = BaseViewController.h; sourceTree = "<group>"; };
		182E154725980A8C007343C4 /* BaseViewController.m */ = {isa = PBXFileReference; lastKnownFileType = sourcecode.c.objc; path = BaseViewController.m; sourceTree = "<group>"; };
		182E154C25981624007343C4 /* FeatureListViewController.h */ = {isa = PBXFileReference; lastKnownFileType = sourcecode.c.h; path = FeatureListViewController.h; sourceTree = "<group>"; };
		182E154D25981624007343C4 /* FeatureListViewController.m */ = {isa = PBXFileReference; lastKnownFileType = sourcecode.c.objc; path = FeatureListViewController.m; sourceTree = "<group>"; };
		182FB5562737CB41001C6DC2 /* FishhookViewController.h */ = {isa = PBXFileReference; lastKnownFileType = sourcecode.c.h; path = FishhookViewController.h; sourceTree = "<group>"; };
		182FB5572737CB41001C6DC2 /* FishhookViewController.m */ = {isa = PBXFileReference; lastKnownFileType = sourcecode.c.objc; path = FishhookViewController.m; sourceTree = "<group>"; };
		184165DB26E04F43001398C5 /* NKUIViewLifeCircleController.h */ = {isa = PBXFileReference; lastKnownFileType = sourcecode.c.h; path = NKUIViewLifeCircleController.h; sourceTree = "<group>"; };
		184165DC26E04F43001398C5 /* NKUIViewLifeCircleController.m */ = {isa = PBXFileReference; lastKnownFileType = sourcecode.c.objc; path = NKUIViewLifeCircleController.m; sourceTree = "<group>"; };
		184165DE26E0598D001398C5 /* NSObject+GCD.h */ = {isa = PBXFileReference; lastKnownFileType = sourcecode.c.h; path = "NSObject+GCD.h"; sourceTree = "<group>"; };
		184165DF26E0598D001398C5 /* NSObject+GCD.m */ = {isa = PBXFileReference; lastKnownFileType = sourcecode.c.objc; path = "NSObject+GCD.m"; sourceTree = "<group>"; };
		184165E226E27A18001398C5 /* NKPortViewController.h */ = {isa = PBXFileReference; lastKnownFileType = sourcecode.c.h; path = NKPortViewController.h; sourceTree = "<group>"; };
		184165E326E27A18001398C5 /* NKPortViewController.m */ = {isa = PBXFileReference; lastKnownFileType = sourcecode.c.objc; path = NKPortViewController.m; sourceTree = "<group>"; };
		184165E626E31403001398C5 /* NKProxy.h */ = {isa = PBXFileReference; lastKnownFileType = sourcecode.c.h; path = NKProxy.h; sourceTree = "<group>"; };
		184165E726E31403001398C5 /* NKProxy.m */ = {isa = PBXFileReference; lastKnownFileType = sourcecode.c.objc; path = NKProxy.m; sourceTree = "<group>"; };
		184165EA26E38506001398C5 /* NKCrashViewController.h */ = {isa = PBXFileReference; lastKnownFileType = sourcecode.c.h; path = NKCrashViewController.h; sourceTree = "<group>"; };
		184165EB26E38506001398C5 /* NKCrashViewController.m */ = {isa = PBXFileReference; lastKnownFileType = sourcecode.c.objc; path = NKCrashViewController.m; sourceTree = "<group>"; };
		1854064127511ED700EDB9A5 /* NetworkViewController.h */ = {isa = PBXFileReference; lastKnownFileType = sourcecode.c.h; path = NetworkViewController.h; sourceTree = "<group>"; };
		1854064227511ED700EDB9A5 /* NetworkViewController.m */ = {isa = PBXFileReference; lastKnownFileType = sourcecode.c.objc; path = NetworkViewController.m; sourceTree = "<group>"; };
		1855C8822737D03E0038E3AD /* fishhook.h */ = {isa = PBXFileReference; fileEncoding = 4; lastKnownFileType = sourcecode.c.h; path = fishhook.h; sourceTree = "<group>"; };
		1855C8832737D03E0038E3AD /* fishhook.c */ = {isa = PBXFileReference; fileEncoding = 4; lastKnownFileType = sourcecode.c.c; path = fishhook.c; sourceTree = "<group>"; };
		186CE6BE2598298A00EA71B8 /* UIScreen+NKExtension.m */ = {isa = PBXFileReference; fileEncoding = 4; lastKnownFileType = sourcecode.c.objc; path = "UIScreen+NKExtension.m"; sourceTree = "<group>"; };
		186CE6BF2598298A00EA71B8 /* UIScreen+NKExtension.h */ = {isa = PBXFileReference; fileEncoding = 4; lastKnownFileType = sourcecode.c.h; path = "UIScreen+NKExtension.h"; sourceTree = "<group>"; };
		186CE6C5259829A300EA71B8 /* YYKitViewController.m */ = {isa = PBXFileReference; fileEncoding = 4; lastKnownFileType = sourcecode.c.objc; path = YYKitViewController.m; sourceTree = "<group>"; };
		186CE6C6259829A300EA71B8 /* YYKitViewController.h */ = {isa = PBXFileReference; fileEncoding = 4; lastKnownFileType = sourcecode.c.h; path = YYKitViewController.h; sourceTree = "<group>"; };
		186CE6C8259829A300EA71B8 /* MDHTMLLabel.m */ = {isa = PBXFileReference; fileEncoding = 4; lastKnownFileType = sourcecode.c.objc; path = MDHTMLLabel.m; sourceTree = "<group>"; };
		186CE6C9259829A300EA71B8 /* MDHTMLViewController.m */ = {isa = PBXFileReference; fileEncoding = 4; lastKnownFileType = sourcecode.c.objc; path = MDHTMLViewController.m; sourceTree = "<group>"; };
		186CE6CA259829A300EA71B8 /* MDHTMLLabel.h */ = {isa = PBXFileReference; fileEncoding = 4; lastKnownFileType = sourcecode.c.h; path = MDHTMLLabel.h; sourceTree = "<group>"; };
		186CE6CB259829A300EA71B8 /* MDHTMLViewController.h */ = {isa = PBXFileReference; fileEncoding = 4; lastKnownFileType = sourcecode.c.h; path = MDHTMLViewController.h; sourceTree = "<group>"; };
		186CE6D625989E5200EA71B8 /* NKAsyncLayer.h */ = {isa = PBXFileReference; lastKnownFileType = sourcecode.c.h; path = NKAsyncLayer.h; sourceTree = "<group>"; };
		186CE6D725989E5200EA71B8 /* NKAsyncLayer.m */ = {isa = PBXFileReference; lastKnownFileType = sourcecode.c.objc; path = NKAsyncLayer.m; sourceTree = "<group>"; };
		186CE6DC25989E6F00EA71B8 /* NKLabel.h */ = {isa = PBXFileReference; lastKnownFileType = sourcecode.c.h; path = NKLabel.h; sourceTree = "<group>"; };
		186CE6DD25989E6F00EA71B8 /* NKLabel.m */ = {isa = PBXFileReference; lastKnownFileType = sourcecode.c.objc; path = NKLabel.m; sourceTree = "<group>"; };
		186CE6EB2598C60C00EA71B8 /* NKTextLayout.h */ = {isa = PBXFileReference; lastKnownFileType = sourcecode.c.h; path = NKTextLayout.h; sourceTree = "<group>"; };
		186CE6EC2598C60C00EA71B8 /* NKTextLayout.m */ = {isa = PBXFileReference; lastKnownFileType = sourcecode.c.objc; path = NKTextLayout.m; sourceTree = "<group>"; };
		186CE6F12598C63700EA71B8 /* NKTextContainer.h */ = {isa = PBXFileReference; lastKnownFileType = sourcecode.c.h; path = NKTextContainer.h; sourceTree = "<group>"; };
		186CE6F22598C63700EA71B8 /* NKTextContainer.m */ = {isa = PBXFileReference; lastKnownFileType = sourcecode.c.objc; path = NKTextContainer.m; sourceTree = "<group>"; };
		186CE6F72598CE2000EA71B8 /* NKTextMacro.h */ = {isa = PBXFileReference; lastKnownFileType = sourcecode.c.h; path = NKTextMacro.h; sourceTree = "<group>"; };
		186CE6F82598CE2000EA71B8 /* NKTextMacro.m */ = {isa = PBXFileReference; lastKnownFileType = sourcecode.c.objc; path = NKTextMacro.m; sourceTree = "<group>"; };
		186CE6FE2598D5D300EA71B8 /* NKTextViewController.h */ = {isa = PBXFileReference; lastKnownFileType = sourcecode.c.h; path = NKTextViewController.h; sourceTree = "<group>"; };
		186CE6FF2598D5D300EA71B8 /* NKTextViewController.m */ = {isa = PBXFileReference; lastKnownFileType = sourcecode.c.objc; path = NKTextViewController.m; sourceTree = "<group>"; };
		186CE70725995E4E00EA71B8 /* NKTextLine.h */ = {isa = PBXFileReference; lastKnownFileType = sourcecode.c.h; path = NKTextLine.h; sourceTree = "<group>"; };
		186CE70825995E4E00EA71B8 /* NKTextLine.m */ = {isa = PBXFileReference; lastKnownFileType = sourcecode.c.objc; path = NKTextLine.m; sourceTree = "<group>"; };
		186E358D2640E4A400FC810F /* NKBlockEntry.h */ = {isa = PBXFileReference; lastKnownFileType = sourcecode.c.h; path = NKBlockEntry.h; sourceTree = "<group>"; };
		186E358E2640E4A400FC810F /* NKBlockEntry.m */ = {isa = PBXFileReference; lastKnownFileType = sourcecode.c.objc; path = NKBlockEntry.m; sourceTree = "<group>"; };
		186E35902644225200FC810F /* NKBlockCaptureObject.h */ = {isa = PBXFileReference; lastKnownFileType = sourcecode.c.h; path = NKBlockCaptureObject.h; sourceTree = "<group>"; };
		186E35912644225200FC810F /* NKBlockCaptureObject.m */ = {isa = PBXFileReference; lastKnownFileType = sourcecode.c.objc; path = NKBlockCaptureObject.m; sourceTree = "<group>"; };
		186E35932644233200FC810F /* NKBlockCaptureObject.cpp */ = {isa = PBXFileReference; lastKnownFileType = sourcecode.cpp.cpp; path = NKBlockCaptureObject.cpp; sourceTree = "<group>"; };
		186E35942644264200FC810F /* NSObject+RetainCount.h */ = {isa = PBXFileReference; lastKnownFileType = sourcecode.c.h; path = "NSObject+RetainCount.h"; sourceTree = "<group>"; };
		186E35952644264200FC810F /* NSObject+RetainCount.m */ = {isa = PBXFileReference; lastKnownFileType = sourcecode.c.objc; path = "NSObject+RetainCount.m"; sourceTree = "<group>"; };
		186E35982650DBB000FC810F /* NKRuntime.h */ = {isa = PBXFileReference; lastKnownFileType = sourcecode.c.h; path = NKRuntime.h; sourceTree = "<group>"; };
		186E35992650DBB000FC810F /* NKRuntime.mm */ = {isa = PBXFileReference; lastKnownFileType = sourcecode.cpp.objcpp; path = NKRuntime.mm; sourceTree = "<group>"; };
		187867F62713319200C87E48 /* OffScreenViewController.h */ = {isa = PBXFileReference; lastKnownFileType = sourcecode.c.h; path = OffScreenViewController.h; sourceTree = "<group>"; };
		187867F72713319200C87E48 /* OffScreenViewController.m */ = {isa = PBXFileReference; lastKnownFileType = sourcecode.c.objc; path = OffScreenViewController.m; sourceTree = "<group>"; };
		189EBE002764FECD00FD92BA /* BaseASDKViewController.h */ = {isa = PBXFileReference; lastKnownFileType = sourcecode.c.h; path = BaseASDKViewController.h; sourceTree = "<group>"; };
		189EBE012764FECD00FD92BA /* BaseASDKViewController.m */ = {isa = PBXFileReference; lastKnownFileType = sourcecode.c.objc; path = BaseASDKViewController.m; sourceTree = "<group>"; };
		189EBE06276504BC00FD92BA /* UINavigationBar+NKExtension.h */ = {isa = PBXFileReference; lastKnownFileType = sourcecode.c.h; path = "UINavigationBar+NKExtension.h"; sourceTree = "<group>"; };
		189EBE07276504BC00FD92BA /* UINavigationBar+NKExtension.m */ = {isa = PBXFileReference; lastKnownFileType = sourcecode.c.objc; path = "UINavigationBar+NKExtension.m"; sourceTree = "<group>"; };
		189EBE092765093800FD92BA /* UIWindow+SafeAreaInsets.h */ = {isa = PBXFileReference; lastKnownFileType = sourcecode.c.h; path = "UIWindow+SafeAreaInsets.h"; sourceTree = "<group>"; };
		189EBE0A2765093800FD92BA /* UIWindow+SafeAreaInsets.m */ = {isa = PBXFileReference; lastKnownFileType = sourcecode.c.objc; path = "UIWindow+SafeAreaInsets.m"; sourceTree = "<group>"; };
		18A2FC542752018000864595 /* UIDeviceMetrics.h */ = {isa = PBXFileReference; lastKnownFileType = sourcecode.c.h; path = UIDeviceMetrics.h; sourceTree = "<group>"; };
		18A2FC552752018000864595 /* UIDeviceMetrics.m */ = {isa = PBXFileReference; lastKnownFileType = sourcecode.c.objc; path = UIDeviceMetrics.m; sourceTree = "<group>"; };
		18A2FC5A27527E9700864595 /* HTTPMetricsManager.h */ = {isa = PBXFileReference; lastKnownFileType = sourcecode.c.h; path = HTTPMetricsManager.h; sourceTree = "<group>"; };
		18A2FC5B27527E9700864595 /* HTTPMetricsManager.m */ = {isa = PBXFileReference; lastKnownFileType = sourcecode.c.objc; path = HTTPMetricsManager.m; sourceTree = "<group>"; };
		18A2FC632752870B00864595 /* HMHTTPTransactionMetrics.h */ = {isa = PBXFileReference; lastKnownFileType = sourcecode.c.h; path = HMHTTPTransactionMetrics.h; sourceTree = "<group>"; };
		18A2FC642752870B00864595 /* HMHTTPTransactionMetrics.m */ = {isa = PBXFileReference; lastKnownFileType = sourcecode.c.objc; path = HMHTTPTransactionMetrics.m; sourceTree = "<group>"; };
		18A2FC66275CBF8B00864595 /* NSURLSession+Metrics.h */ = {isa = PBXFileReference; lastKnownFileType = sourcecode.c.h; path = "NSURLSession+Metrics.h"; sourceTree = "<group>"; };
		18A2FC67275CBF8B00864595 /* NSURLSession+Metrics.m */ = {isa = PBXFileReference; lastKnownFileType = sourcecode.c.objc; path = "NSURLSession+Metrics.m"; sourceTree = "<group>"; };
		18A2FC69275CC2DB00864595 /* NSURLSessionDelegateProxy.h */ = {isa = PBXFileReference; lastKnownFileType = sourcecode.c.h; path = NSURLSessionDelegateProxy.h; sourceTree = "<group>"; };
		18A2FC6A275CC2DB00864595 /* NSURLSessionDelegateProxy.m */ = {isa = PBXFileReference; lastKnownFileType = sourcecode.c.objc; path = NSURLSessionDelegateProxy.m; sourceTree = "<group>"; };
		18A2FC6C275CF0B400864595 /* HTTPMetricsManager+Private.h */ = {isa = PBXFileReference; lastKnownFileType = sourcecode.c.h; path = "HTTPMetricsManager+Private.h"; sourceTree = "<group>"; };
		18A2FEEC275FADCB00864595 /* NKTextureViewController.h */ = {isa = PBXFileReference; lastKnownFileType = sourcecode.c.h; path = NKTextureViewController.h; sourceTree = "<group>"; };
		18A2FEED275FADCB00864595 /* NKTextureViewController.m */ = {isa = PBXFileReference; lastKnownFileType = sourcecode.c.objc; path = NKTextureViewController.m; sourceTree = "<group>"; };
		18A2FEF02760426F00864595 /* NKIGListKitViewController.h */ = {isa = PBXFileReference; lastKnownFileType = sourcecode.c.h; path = NKIGListKitViewController.h; sourceTree = "<group>"; };
		18A2FEF12760426F00864595 /* NKIGListKitViewController.m */ = {isa = PBXFileReference; lastKnownFileType = sourcecode.c.objc; path = NKIGListKitViewController.m; sourceTree = "<group>"; };
		18A9370D26C78638000088B7 /* LockViewController.h */ = {isa = PBXFileReference; lastKnownFileType = sourcecode.c.h; path = LockViewController.h; sourceTree = "<group>"; };
		18A9370E26C78638000088B7 /* LockViewController.m */ = {isa = PBXFileReference; lastKnownFileType = sourcecode.c.objc; path = LockViewController.m; sourceTree = "<group>"; };
		18A9371226C78AEF000088B7 /* Synchronized.h */ = {isa = PBXFileReference; lastKnownFileType = sourcecode.c.h; path = Synchronized.h; sourceTree = "<group>"; };
		18A9371326C78AEF000088B7 /* Synchronized.m */ = {isa = PBXFileReference; lastKnownFileType = sourcecode.c.objc; path = Synchronized.m; sourceTree = "<group>"; };
		18A9371526C78C8B000088B7 /* Synchronized.cpp */ = {isa = PBXFileReference; lastKnownFileType = sourcecode.cpp.cpp; path = Synchronized.cpp; sourceTree = "<group>"; };
		18CF9AD0265D4C1D00A34A85 /* NKRunLoopViewController.h */ = {isa = PBXFileReference; lastKnownFileType = sourcecode.c.h; path = NKRunLoopViewController.h; sourceTree = "<group>"; };
		18CF9AD1265D4C1D00A34A85 /* NKRunLoopViewController.m */ = {isa = PBXFileReference; lastKnownFileType = sourcecode.c.objc; path = NKRunLoopViewController.m; sourceTree = "<group>"; };
		18CF9AD42663E05300A34A85 /* NKGCDViewController.h */ = {isa = PBXFileReference; lastKnownFileType = sourcecode.c.h; path = NKGCDViewController.h; sourceTree = "<group>"; };
		18CF9AD52663E05300A34A85 /* NKGCDViewController.m */ = {isa = PBXFileReference; lastKnownFileType = sourcecode.c.objc; path = NKGCDViewController.m; sourceTree = "<group>"; };
		18CF9AD72669A73500A34A85 /* NKHTTPClient.h */ = {isa = PBXFileReference; lastKnownFileType = sourcecode.c.h; path = NKHTTPClient.h; sourceTree = "<group>"; };
		18CF9AD82669A73500A34A85 /* NKHTTPClient.m */ = {isa = PBXFileReference; lastKnownFileType = sourcecode.c.objc; path = NKHTTPClient.m; sourceTree = "<group>"; };
		18CF9ADA2669AA4F00A34A85 /* NKHTTPClientTest.m */ = {isa = PBXFileReference; lastKnownFileType = sourcecode.c.objc; path = NKHTTPClientTest.m; sourceTree = "<group>"; };
		18CF9ADE266B753000A34A85 /* NKTimerViewController.h */ = {isa = PBXFileReference; lastKnownFileType = sourcecode.c.h; path = NKTimerViewController.h; sourceTree = "<group>"; };
		18CF9ADF266B753000A34A85 /* NKTimerViewController.m */ = {isa = PBXFileReference; lastKnownFileType = sourcecode.c.objc; path = NKTimerViewController.m; sourceTree = "<group>"; };
		18CF9AE1266B7C3400A34A85 /* NKWeakProxy.h */ = {isa = PBXFileReference; lastKnownFileType = sourcecode.c.h; path = NKWeakProxy.h; sourceTree = "<group>"; };
		18CF9AE2266B7C3400A34A85 /* NKWeakProxy.m */ = {isa = PBXFileReference; lastKnownFileType = sourcecode.c.objc; path = NKWeakProxy.m; sourceTree = "<group>"; };
		18F6A00C2760F1EC009C9774 /* ASTextNodeViewController.h */ = {isa = PBXFileReference; lastKnownFileType = sourcecode.c.h; path = ASTextNodeViewController.h; sourceTree = "<group>"; };
		18F6A00D2760F1EC009C9774 /* ASTextNodeViewController.m */ = {isa = PBXFileReference; lastKnownFileType = sourcecode.c.objc; path = ASTextNodeViewController.m; sourceTree = "<group>"; };
		18F6A00F2760F3BA009C9774 /* NKChatListViewController.h */ = {isa = PBXFileReference; lastKnownFileType = sourcecode.c.h; path = NKChatListViewController.h; sourceTree = "<group>"; };
		18F6A0102760F3BA009C9774 /* NKChatListViewController.m */ = {isa = PBXFileReference; lastKnownFileType = sourcecode.c.objc; path = NKChatListViewController.m; sourceTree = "<group>"; };
		18F6A0132760F4E2009C9774 /* NKChat.h */ = {isa = PBXFileReference; lastKnownFileType = sourcecode.c.h; path = NKChat.h; sourceTree = "<group>"; };
		18F6A0142760F4E2009C9774 /* NKChat.m */ = {isa = PBXFileReference; lastKnownFileType = sourcecode.c.objc; path = NKChat.m; sourceTree = "<group>"; };
		18F6A01927625811009C9774 /* iOSStudy-Bridging-Header.h */ = {isa = PBXFileReference; lastKnownFileType = sourcecode.c.h; path = "iOSStudy-Bridging-Header.h"; sourceTree = "<group>"; };
		18F6A01A27625812009C9774 /* NKChatCellNode.swift */ = {isa = PBXFileReference; lastKnownFileType = sourcecode.swift; path = NKChatCellNode.swift; sourceTree = "<group>"; };
		5067C21F0903FF04983847D7 /* Pods-iOSStudy.release.xcconfig */ = {isa = PBXFileReference; includeInIndex = 1; lastKnownFileType = text.xcconfig; name = "Pods-iOSStudy.release.xcconfig"; path = "Target Support Files/Pods-iOSStudy/Pods-iOSStudy.release.xcconfig"; sourceTree = "<group>"; };
		566FA0030E572F51EADBDEF0 /* Pods_iOSStudy.framework */ = {isa = PBXFileReference; explicitFileType = wrapper.framework; includeInIndex = 0; path = Pods_iOSStudy.framework; sourceTree = BUILT_PRODUCTS_DIR; };
		763A4F5D25BACBB900A46471 /* NKCGUtilities.h */ = {isa = PBXFileReference; lastKnownFileType = sourcecode.c.h; path = NKCGUtilities.h; sourceTree = "<group>"; };
		763A4F5E25BACBB900A46471 /* NKCGUtilities.m */ = {isa = PBXFileReference; lastKnownFileType = sourcecode.c.objc; path = NKCGUtilities.m; sourceTree = "<group>"; };
		766CF0D0272AD34800DBC236 /* CallStackViewController.h */ = {isa = PBXFileReference; lastKnownFileType = sourcecode.c.h; path = CallStackViewController.h; sourceTree = "<group>"; };
		766CF0D1272AD34800DBC236 /* CallStackViewController.m */ = {isa = PBXFileReference; lastKnownFileType = sourcecode.c.objc; path = CallStackViewController.m; sourceTree = "<group>"; };
		766CF0D3272AD43900DBC236 /* BSBacktraceLogger.m */ = {isa = PBXFileReference; fileEncoding = 4; lastKnownFileType = sourcecode.c.objc; path = BSBacktraceLogger.m; sourceTree = "<group>"; };
		766CF0D4272AD43900DBC236 /* BSBacktraceLogger.h */ = {isa = PBXFileReference; fileEncoding = 4; lastKnownFileType = sourcecode.c.h; path = BSBacktraceLogger.h; sourceTree = "<group>"; };
		76767D002715277600540259 /* NotificationViewController.h */ = {isa = PBXFileReference; lastKnownFileType = sourcecode.c.h; path = NotificationViewController.h; sourceTree = "<group>"; };
		76767D012715277600540259 /* NotificationViewController.m */ = {isa = PBXFileReference; lastKnownFileType = sourcecode.c.objc; path = NotificationViewController.m; sourceTree = "<group>"; };
		76767D082716DDF700540259 /* NKRunLoopActivityMonitor.h */ = {isa = PBXFileReference; lastKnownFileType = sourcecode.c.h; path = NKRunLoopActivityMonitor.h; sourceTree = "<group>"; };
		76767D092716DDF700540259 /* NKRunLoopActivityMonitor.m */ = {isa = PBXFileReference; lastKnownFileType = sourcecode.c.objc; path = NKRunLoopActivityMonitor.m; sourceTree = "<group>"; };
		76767D0B2716E6C100540259 /* iOSStudy.pch */ = {isa = PBXFileReference; lastKnownFileType = sourcecode.c.h; path = iOSStudy.pch; sourceTree = "<group>"; };
		767E612425A810C6007066F3 /* SDWebImageViewController.h */ = {isa = PBXFileReference; lastKnownFileType = sourcecode.c.h; path = SDWebImageViewController.h; sourceTree = "<group>"; };
		767E612525A810C6007066F3 /* SDWebImageViewController.m */ = {isa = PBXFileReference; lastKnownFileType = sourcecode.c.objc; path = SDWebImageViewController.m; sourceTree = "<group>"; };
		768416FE27300B9100DC201A /* NKCallStackSymbols.h */ = {isa = PBXFileReference; lastKnownFileType = sourcecode.c.h; path = NKCallStackSymbols.h; sourceTree = "<group>"; };
		768416FF27300B9100DC201A /* NKCallStackSymbols.m */ = {isa = PBXFileReference; lastKnownFileType = sourcecode.c.objc; path = NKCallStackSymbols.m; sourceTree = "<group>"; };
		76841701273012B400DC201A /* NKProcessInfo.h */ = {isa = PBXFileReference; lastKnownFileType = sourcecode.c.h; path = NKProcessInfo.h; sourceTree = "<group>"; };
		76841702273012B400DC201A /* NKProcessInfo.m */ = {isa = PBXFileReference; lastKnownFileType = sourcecode.c.objc; path = NKProcessInfo.m; sourceTree = "<group>"; };
		76841704273012CD00DC201A /* NKThread.h */ = {isa = PBXFileReference; lastKnownFileType = sourcecode.c.h; path = NKThread.h; sourceTree = "<group>"; };
		76841705273012CD00DC201A /* NKThread.m */ = {isa = PBXFileReference; lastKnownFileType = sourcecode.c.objc; path = NKThread.m; sourceTree = "<group>"; };
		7684170A2730199900DC201A /* NKStackFrameMacro.h */ = {isa = PBXFileReference; lastKnownFileType = sourcecode.c.h; path = NKStackFrameMacro.h; sourceTree = "<group>"; };
		768715ED25B06727005C14A8 /* NKTextAttribute.h */ = {isa = PBXFileReference; lastKnownFileType = sourcecode.c.h; path = NKTextAttribute.h; sourceTree = "<group>"; };
		768715EE25B06727005C14A8 /* NKTextAttribute.m */ = {isa = PBXFileReference; lastKnownFileType = sourcecode.c.objc; path = NKTextAttribute.m; sourceTree = "<group>"; };
		76B150C925C257540075D367 /* LaunchImageHelper.m */ = {isa = PBXFileReference; fileEncoding = 4; lastKnownFileType = sourcecode.c.objc; path = LaunchImageHelper.m; sourceTree = "<group>"; };
		76B150CA25C257540075D367 /* LaunchImageHelper.h */ = {isa = PBXFileReference; fileEncoding = 4; lastKnownFileType = sourcecode.c.h; path = LaunchImageHelper.h; sourceTree = "<group>"; };
		76B150CF25C2577F0075D367 /* BBADynamicLaunchImage.m */ = {isa = PBXFileReference; fileEncoding = 4; lastKnownFileType = sourcecode.c.objc; path = BBADynamicLaunchImage.m; sourceTree = "<group>"; };
		76B150D025C2577F0075D367 /* BBADynamicLaunchImage.h */ = {isa = PBXFileReference; fileEncoding = 4; lastKnownFileType = sourcecode.c.h; path = BBADynamicLaunchImage.h; sourceTree = "<group>"; };
		76CC9654273168A30021EB92 /* NKStackFrame.h */ = {isa = PBXFileReference; lastKnownFileType = sourcecode.c.h; path = NKStackFrame.h; sourceTree = "<group>"; };
		76CC9655273168A30021EB92 /* NKStackFrame.m */ = {isa = PBXFileReference; lastKnownFileType = sourcecode.c.objc; path = NKStackFrame.m; sourceTree = "<group>"; };
		76E441A626E88DE00020C828 /* NKMonitor.h */ = {isa = PBXFileReference; lastKnownFileType = sourcecode.c.h; path = NKMonitor.h; sourceTree = "<group>"; };
		76E441A726E88DE00020C828 /* NKMonitor.m */ = {isa = PBXFileReference; lastKnownFileType = sourcecode.c.objc; path = NKMonitor.m; sourceTree = "<group>"; };
		815E7214DEDCEFCF279A508F /* Pods-iOSStudyTests.debug.xcconfig */ = {isa = PBXFileReference; includeInIndex = 1; lastKnownFileType = text.xcconfig; name = "Pods-iOSStudyTests.debug.xcconfig"; path = "Target Support Files/Pods-iOSStudyTests/Pods-iOSStudyTests.debug.xcconfig"; sourceTree = "<group>"; };
		91DE7C322ADD328E018A0E24 /* Pods-iOSStudyTests.release.xcconfig */ = {isa = PBXFileReference; includeInIndex = 1; lastKnownFileType = text.xcconfig; name = "Pods-iOSStudyTests.release.xcconfig"; path = "Target Support Files/Pods-iOSStudyTests/Pods-iOSStudyTests.release.xcconfig"; sourceTree = "<group>"; };
		A408CDC3388B2A01AFD4DBDA /* Pods-iOSStudy-iOSStudyUITests.release.xcconfig */ = {isa = PBXFileReference; includeInIndex = 1; lastKnownFileType = text.xcconfig; name = "Pods-iOSStudy-iOSStudyUITests.release.xcconfig"; path = "Target Support Files/Pods-iOSStudy-iOSStudyUITests/Pods-iOSStudy-iOSStudyUITests.release.xcconfig"; sourceTree = "<group>"; };
		E75D3746CE3375A476940D19 /* Pods-iOSStudy.debug.xcconfig */ = {isa = PBXFileReference; includeInIndex = 1; lastKnownFileType = text.xcconfig; name = "Pods-iOSStudy.debug.xcconfig"; path = "Target Support Files/Pods-iOSStudy/Pods-iOSStudy.debug.xcconfig"; sourceTree = "<group>"; };
		EC6D35C70D12733982BE3901 /* Pods_iOSStudyTests.framework */ = {isa = PBXFileReference; explicitFileType = wrapper.framework; includeInIndex = 0; path = Pods_iOSStudyTests.framework; sourceTree = BUILT_PRODUCTS_DIR; };
		F213AA07291728A77E285A3A /* Pods-iOSStudy-iOSStudyUITests.debug.xcconfig */ = {isa = PBXFileReference; includeInIndex = 1; lastKnownFileType = text.xcconfig; name = "Pods-iOSStudy-iOSStudyUITests.debug.xcconfig"; path = "Target Support Files/Pods-iOSStudy-iOSStudyUITests/Pods-iOSStudy-iOSStudyUITests.debug.xcconfig"; sourceTree = "<group>"; };
/* End PBXFileReference section */

/* Begin PBXFrameworksBuildPhase section */
		181B4EAD2635B33C0071526C /* Frameworks */ = {
			isa = PBXFrameworksBuildPhase;
			buildActionMask = 2147483647;
			files = (
			);
			runOnlyForDeploymentPostprocessing = 0;
		};
		182E14EC2597966F007343C4 /* Frameworks */ = {
			isa = PBXFrameworksBuildPhase;
			buildActionMask = 2147483647;
			files = (
				564DE6EEE4050BA9C61E183E /* Pods_iOSStudy.framework in Frameworks */,
			);
			runOnlyForDeploymentPostprocessing = 0;
		};
		182E150725979670007343C4 /* Frameworks */ = {
			isa = PBXFrameworksBuildPhase;
			buildActionMask = 2147483647;
			files = (
				97D9578F04DB5215F1BD4100 /* Pods_iOSStudyTests.framework in Frameworks */,
			);
			runOnlyForDeploymentPostprocessing = 0;
		};
		182E151225979670007343C4 /* Frameworks */ = {
			isa = PBXFrameworksBuildPhase;
			buildActionMask = 2147483647;
			files = (
				899F9DE455E291B788819876 /* Pods_iOSStudy_iOSStudyUITests.framework in Frameworks */,
			);
			runOnlyForDeploymentPostprocessing = 0;
		};
/* End PBXFrameworksBuildPhase section */

/* Begin PBXGroup section */
		1801B90E26DFBD4300639E72 /* NSDictionary */ = {
			isa = PBXGroup;
			children = (
				1801B90F26DFBD7300639E72 /* NKDictionary.h */,
				1801B91026DFBD7300639E72 /* NKDictionary.m */,
			);
			path = NSDictionary;
			sourceTree = "<group>";
		};
		181A8AF226D71F0900922CA6 /* NSOperation */ = {
			isa = PBXGroup;
			children = (
				181A8AF326D71F3800922CA6 /* NKOperationViewController.h */,
				181A8AF426D71F3800922CA6 /* NKOperationViewController.m */,
			);
			path = NSOperation;
			sourceTree = "<group>";
		};
		181B4EB12635B33C0071526C /* Interview */ = {
			isa = PBXGroup;
			children = (
				184165E526E313EB001398C5 /* NKProxy */,
				1801B90E26DFBD4300639E72 /* NSDictionary */,
				18A9371126C78AB0000088B7 /* @synchronized */,
				186E3597264D699A00FC810F /* Runtime */,
				186E358C2640E48300FC810F /* Block */,
				181B4EBC2635B3790071526C /* NSObject */,
				181B4EB22635B33C0071526C /* main.m */,
				186E35942644264200FC810F /* NSObject+RetainCount.h */,
				186E35952644264200FC810F /* NSObject+RetainCount.m */,
				1801B91226DFBDA600639E72 /* NKEntry.h */,
			);
			path = Interview;
			sourceTree = "<group>";
		};
		181B4EBC2635B3790071526C /* NSObject */ = {
			isa = PBXGroup;
			children = (
				181B4EBD2635B3A00071526C /* NKClassEntry.h */,
				181B4EBE2635B3A00071526C /* NKClassEntry.m */,
			);
			path = NSObject;
			sourceTree = "<group>";
		};
		182B99A926F8BFC300F55ECD /* ResponderChain */ = {
			isa = PBXGroup;
			children = (
				182B99AA26F8C00100F55ECD /* NKResponderChainViewController.h */,
				182B99AB26F8C00100F55ECD /* NKResponderChainViewController.m */,
				182B99AD26F8C90500F55ECD /* NKViewA.h */,
				182B99AE26F8C90500F55ECD /* NKViewA.m */,
				182B99B026F8DC9B00F55ECD /* NKTapGestureRecognizer.h */,
				182B99B126F8DC9B00F55ECD /* NKTapGestureRecognizer.m */,
			);
			path = ResponderChain;
			sourceTree = "<group>";
		};
		182B99B326FE1C5A00F55ECD /* Layout */ = {
			isa = PBXGroup;
			children = (
				182B99B426FE1C9700F55ECD /* LayoutViewController.h */,
				182B99B526FE1C9700F55ECD /* LayoutViewController.m */,
				182B99B726FE1D2800F55ECD /* LayoutBgView.h */,
				182B99B826FE1D2800F55ECD /* LayoutBgView.m */,
				180C6BF726FEC6E3004EEB67 /* LayoutLayer.h */,
				180C6BF826FEC6E3004EEB67 /* LayoutLayer.m */,
			);
			path = Layout;
			sourceTree = "<group>";
		};
		182E14E62597966F007343C4 = {
			isa = PBXGroup;
			children = (
				182E14F12597966F007343C4 /* iOSStudy */,
				182E150D25979670007343C4 /* iOSStudyTests */,
				182E151825979670007343C4 /* iOSStudyUITests */,
				181B4EB12635B33C0071526C /* Interview */,
				182E14F02597966F007343C4 /* Products */,
				3FD153DB39E05CE038C18353 /* Pods */,
				9E12B071240BBE4CBE63EECF /* Frameworks */,
			);
			sourceTree = "<group>";
		};
		182E14F02597966F007343C4 /* Products */ = {
			isa = PBXGroup;
			children = (
				182E14EF2597966F007343C4 /* iOSStudy.app */,
				182E150A25979670007343C4 /* iOSStudyTests.xctest */,
				182E151525979670007343C4 /* iOSStudyUITests.xctest */,
				181B4EB02635B33C0071526C /* Interview */,
			);
			name = Products;
			sourceTree = "<group>";
		};
		182E14F12597966F007343C4 /* iOSStudy */ = {
			isa = PBXGroup;
			children = (
				182E154225980A4E007343C4 /* src */,
				182E14FE25979670007343C4 /* Assets.xcassets */,
				182E150025979670007343C4 /* LaunchScreen.storyboard */,
				182E150325979670007343C4 /* Info.plist */,
				76767D0B2716E6C100540259 /* iOSStudy.pch */,
				18F6A01927625811009C9774 /* iOSStudy-Bridging-Header.h */,
			);
			path = iOSStudy;
			sourceTree = "<group>";
		};
		182E150D25979670007343C4 /* iOSStudyTests */ = {
			isa = PBXGroup;
			children = (
				182E150E25979670007343C4 /* iOSStudyTests.m */,
				18CF9ADA2669AA4F00A34A85 /* NKHTTPClientTest.m */,
				182E151025979670007343C4 /* Info.plist */,
			);
			path = iOSStudyTests;
			sourceTree = "<group>";
		};
		182E151825979670007343C4 /* iOSStudyUITests */ = {
			isa = PBXGroup;
			children = (
				182E151925979670007343C4 /* iOSStudyUITests.m */,
				182E151B25979670007343C4 /* Info.plist */,
			);
			path = iOSStudyUITests;
			sourceTree = "<group>";
		};
		182E154225980A4E007343C4 /* src */ = {
			isa = PBXGroup;
			children = (
				189EBE0C2765887200FD92BA /* NKLayout */,
				76B150C825C257380075D367 /* DynamicLaunchImage */,
				186CE6D525989DFC00EA71B8 /* NKText */,
				186CE6BD2598298A00EA71B8 /* Category */,
				186CE6BB2598294F00EA71B8 /* Features */,
				182E14F22597966F007343C4 /* AppDelegate.h */,
				182E14F32597966F007343C4 /* AppDelegate.m */,
				182E154625980A8C007343C4 /* BaseViewController.h */,
				182E154725980A8C007343C4 /* BaseViewController.m */,
				182E154C25981624007343C4 /* FeatureListViewController.h */,
				182E154D25981624007343C4 /* FeatureListViewController.m */,
				182E150425979670007343C4 /* main.m */,
				18CF9AD72669A73500A34A85 /* NKHTTPClient.h */,
				18CF9AD82669A73500A34A85 /* NKHTTPClient.m */,
				184165DE26E0598D001398C5 /* NSObject+GCD.h */,
				184165DF26E0598D001398C5 /* NSObject+GCD.m */,
				76767D082716DDF700540259 /* NKRunLoopActivityMonitor.h */,
				76767D092716DDF700540259 /* NKRunLoopActivityMonitor.m */,
			);
			path = src;
			sourceTree = "<group>";
		};
		182FB5522737CA53001C6DC2 /* fishhook */ = {
			isa = PBXGroup;
			children = (
				1855C8822737D03E0038E3AD /* fishhook.h */,
				1855C8832737D03E0038E3AD /* fishhook.c */,
				182FB5562737CB41001C6DC2 /* FishhookViewController.h */,
				182FB5572737CB41001C6DC2 /* FishhookViewController.m */,
			);
			path = fishhook;
			sourceTree = "<group>";
		};
		184165DA26E04F0E001398C5 /* UIViewLifeCircle */ = {
			isa = PBXGroup;
			children = (
				184165DB26E04F43001398C5 /* NKUIViewLifeCircleController.h */,
				184165DC26E04F43001398C5 /* NKUIViewLifeCircleController.m */,
			);
			path = UIViewLifeCircle;
			sourceTree = "<group>";
		};
		184165E126E279FC001398C5 /* NSPort */ = {
			isa = PBXGroup;
			children = (
				184165E226E27A18001398C5 /* NKPortViewController.h */,
				184165E326E27A18001398C5 /* NKPortViewController.m */,
			);
			path = NSPort;
			sourceTree = "<group>";
		};
		184165E526E313EB001398C5 /* NKProxy */ = {
			isa = PBXGroup;
			children = (
				184165E626E31403001398C5 /* NKProxy.h */,
				184165E726E31403001398C5 /* NKProxy.m */,
			);
			path = NKProxy;
			sourceTree = "<group>";
		};
		184165E926E384EC001398C5 /* Crash */ = {
			isa = PBXGroup;
			children = (
				184165EA26E38506001398C5 /* NKCrashViewController.h */,
				184165EB26E38506001398C5 /* NKCrashViewController.m */,
			);
			path = Crash;
			sourceTree = "<group>";
		};
		1854064027511EB300EDB9A5 /* Network */ = {
			isa = PBXGroup;
			children = (
				1854064127511ED700EDB9A5 /* NetworkViewController.h */,
				1854064227511ED700EDB9A5 /* NetworkViewController.m */,
				18A2FC542752018000864595 /* UIDeviceMetrics.h */,
				18A2FC552752018000864595 /* UIDeviceMetrics.m */,
				18A2FC6F275CF50E00864595 /* HTTPMetrics */,
			);
			path = Network;
			sourceTree = "<group>";
		};
		186CE6BB2598294F00EA71B8 /* Features */ = {
			isa = PBXGroup;
			children = (
				18A2FEEF2760424500864595 /* IGListKit */,
				18A2FEEB275FADAC00864595 /* Texture */,
				1854064027511EB300EDB9A5 /* Network */,
				766CF0CF272AD31E00DBC236 /* CallStack */,
				187867F52713314B00C87E48 /* OffScreen */,
				76767CFE2715270F00540259 /* EventBus */,
				182B99B326FE1C5A00F55ECD /* Layout */,
				182B99A926F8BFC300F55ECD /* ResponderChain */,
				184165E926E384EC001398C5 /* Crash */,
				184165E126E279FC001398C5 /* NSPort */,
				184165DA26E04F0E001398C5 /* UIViewLifeCircle */,
				181A8AF226D71F0900922CA6 /* NSOperation */,
				18A9370C26C78617000088B7 /* Lock */,
				18CF9ADD266B751300A34A85 /* Timer */,
				18CF9AD32663E02600A34A85 /* GCD */,
				18CF9ACF265D4BE800A34A85 /* RunLoop */,
				767E612325A810A1007066F3 /* SDWebImage */,
				186CE6FD2598D5BD00EA71B8 /* NKText */,
				186CE6C7259829A300EA71B8 /* MDHTMLLabel */,
				186CE6C4259829A300EA71B8 /* YYKIt */,
			);
			path = Features;
			sourceTree = "<group>";
		};
		186CE6BD2598298A00EA71B8 /* Category */ = {
			isa = PBXGroup;
			children = (
				186CE6BE2598298A00EA71B8 /* UIScreen+NKExtension.m */,
				186CE6BF2598298A00EA71B8 /* UIScreen+NKExtension.h */,
				189EBE06276504BC00FD92BA /* UINavigationBar+NKExtension.h */,
				189EBE07276504BC00FD92BA /* UINavigationBar+NKExtension.m */,
				189EBE092765093800FD92BA /* UIWindow+SafeAreaInsets.h */,
				189EBE0A2765093800FD92BA /* UIWindow+SafeAreaInsets.m */,
			);
			path = Category;
			sourceTree = "<group>";
		};
		186CE6C4259829A300EA71B8 /* YYKIt */ = {
			isa = PBXGroup;
			children = (
				186CE6C6259829A300EA71B8 /* YYKitViewController.h */,
				186CE6C5259829A300EA71B8 /* YYKitViewController.m */,
			);
			path = YYKIt;
			sourceTree = "<group>";
		};
		186CE6C7259829A300EA71B8 /* MDHTMLLabel */ = {
			isa = PBXGroup;
			children = (
				186CE6CA259829A300EA71B8 /* MDHTMLLabel.h */,
				186CE6C8259829A300EA71B8 /* MDHTMLLabel.m */,
				186CE6CB259829A300EA71B8 /* MDHTMLViewController.h */,
				186CE6C9259829A300EA71B8 /* MDHTMLViewController.m */,
			);
			path = MDHTMLLabel;
			sourceTree = "<group>";
		};
		186CE6D525989DFC00EA71B8 /* NKText */ = {
			isa = PBXGroup;
			children = (
				186CE6D625989E5200EA71B8 /* NKAsyncLayer.h */,
				186CE6D725989E5200EA71B8 /* NKAsyncLayer.m */,
				186CE6DC25989E6F00EA71B8 /* NKLabel.h */,
				186CE6DD25989E6F00EA71B8 /* NKLabel.m */,
				186CE70725995E4E00EA71B8 /* NKTextLine.h */,
				186CE70825995E4E00EA71B8 /* NKTextLine.m */,
				186CE6EB2598C60C00EA71B8 /* NKTextLayout.h */,
				186CE6EC2598C60C00EA71B8 /* NKTextLayout.m */,
				186CE6F12598C63700EA71B8 /* NKTextContainer.h */,
				186CE6F22598C63700EA71B8 /* NKTextContainer.m */,
				186CE6F72598CE2000EA71B8 /* NKTextMacro.h */,
				186CE6F82598CE2000EA71B8 /* NKTextMacro.m */,
				768715ED25B06727005C14A8 /* NKTextAttribute.h */,
				768715EE25B06727005C14A8 /* NKTextAttribute.m */,
				763A4F5D25BACBB900A46471 /* NKCGUtilities.h */,
				763A4F5E25BACBB900A46471 /* NKCGUtilities.m */,
			);
			path = NKText;
			sourceTree = "<group>";
		};
		186CE6FD2598D5BD00EA71B8 /* NKText */ = {
			isa = PBXGroup;
			children = (
				186CE6FE2598D5D300EA71B8 /* NKTextViewController.h */,
				186CE6FF2598D5D300EA71B8 /* NKTextViewController.m */,
			);
			path = NKText;
			sourceTree = "<group>";
		};
		186E358C2640E48300FC810F /* Block */ = {
			isa = PBXGroup;
			children = (
				186E358D2640E4A400FC810F /* NKBlockEntry.h */,
				186E358E2640E4A400FC810F /* NKBlockEntry.m */,
				186E35902644225200FC810F /* NKBlockCaptureObject.h */,
				186E35912644225200FC810F /* NKBlockCaptureObject.m */,
				186E35932644233200FC810F /* NKBlockCaptureObject.cpp */,
			);
			path = Block;
			sourceTree = "<group>";
		};
		186E3597264D699A00FC810F /* Runtime */ = {
			isa = PBXGroup;
			children = (
				186E35982650DBB000FC810F /* NKRuntime.h */,
				186E35992650DBB000FC810F /* NKRuntime.mm */,
			);
			path = Runtime;
			sourceTree = "<group>";
		};
		187867F52713314B00C87E48 /* OffScreen */ = {
			isa = PBXGroup;
			children = (
				187867F62713319200C87E48 /* OffScreenViewController.h */,
				187867F72713319200C87E48 /* OffScreenViewController.m */,
			);
			path = OffScreen;
			sourceTree = "<group>";
		};
		189EBE0C2765887200FD92BA /* NKLayout */ = {
			isa = PBXGroup;
			children = (
			);
			path = NKLayout;
			sourceTree = "<group>";
		};
		18A2FC6F275CF50E00864595 /* HTTPMetrics */ = {
			isa = PBXGroup;
			children = (
				18A2FC5A27527E9700864595 /* HTTPMetricsManager.h */,
				18A2FC5B27527E9700864595 /* HTTPMetricsManager.m */,
				18A2FC6C275CF0B400864595 /* HTTPMetricsManager+Private.h */,
				18A2FC632752870B00864595 /* HMHTTPTransactionMetrics.h */,
				18A2FC642752870B00864595 /* HMHTTPTransactionMetrics.m */,
				18A2FC66275CBF8B00864595 /* NSURLSession+Metrics.h */,
				18A2FC67275CBF8B00864595 /* NSURLSession+Metrics.m */,
				18A2FC69275CC2DB00864595 /* NSURLSessionDelegateProxy.h */,
				18A2FC6A275CC2DB00864595 /* NSURLSessionDelegateProxy.m */,
			);
			path = HTTPMetrics;
			sourceTree = "<group>";
		};
		18A2FEEB275FADAC00864595 /* Texture */ = {
			isa = PBXGroup;
			children = (
				189EBE002764FECD00FD92BA /* BaseASDKViewController.h */,
				189EBE012764FECD00FD92BA /* BaseASDKViewController.m */,
				18A2FEEC275FADCB00864595 /* NKTextureViewController.h */,
				18A2FEED275FADCB00864595 /* NKTextureViewController.m */,
				18F6A00C2760F1EC009C9774 /* ASTextNodeViewController.h */,
				18F6A00D2760F1EC009C9774 /* ASTextNodeViewController.m */,
				18F6A0122760F48A009C9774 /* ChatList */,
			);
			path = Texture;
			sourceTree = "<group>";
		};
		18A2FEEF2760424500864595 /* IGListKit */ = {
			isa = PBXGroup;
			children = (
				18A2FEF02760426F00864595 /* NKIGListKitViewController.h */,
				18A2FEF12760426F00864595 /* NKIGListKitViewController.m */,
			);
			path = IGListKit;
			sourceTree = "<group>";
		};
		18A9370C26C78617000088B7 /* Lock */ = {
			isa = PBXGroup;
			children = (
				18A9370D26C78638000088B7 /* LockViewController.h */,
				18A9370E26C78638000088B7 /* LockViewController.m */,
			);
			path = Lock;
			sourceTree = "<group>";
		};
		18A9371126C78AB0000088B7 /* @synchronized */ = {
			isa = PBXGroup;
			children = (
				18A9371226C78AEF000088B7 /* Synchronized.h */,
				18A9371326C78AEF000088B7 /* Synchronized.m */,
				18A9371526C78C8B000088B7 /* Synchronized.cpp */,
			);
			path = "@synchronized";
			sourceTree = "<group>";
		};
		18CF9ACF265D4BE800A34A85 /* RunLoop */ = {
			isa = PBXGroup;
			children = (
				18CF9AD0265D4C1D00A34A85 /* NKRunLoopViewController.h */,
				18CF9AD1265D4C1D00A34A85 /* NKRunLoopViewController.m */,
				76E441A626E88DE00020C828 /* NKMonitor.h */,
				76E441A726E88DE00020C828 /* NKMonitor.m */,
			);
			path = RunLoop;
			sourceTree = "<group>";
		};
		18CF9AD32663E02600A34A85 /* GCD */ = {
			isa = PBXGroup;
			children = (
				18CF9AD42663E05300A34A85 /* NKGCDViewController.h */,
				18CF9AD52663E05300A34A85 /* NKGCDViewController.m */,
			);
			name = GCD;
			sourceTree = "<group>";
		};
		18CF9ADD266B751300A34A85 /* Timer */ = {
			isa = PBXGroup;
			children = (
				18CF9ADE266B753000A34A85 /* NKTimerViewController.h */,
				18CF9ADF266B753000A34A85 /* NKTimerViewController.m */,
				18CF9AE1266B7C3400A34A85 /* NKWeakProxy.h */,
				18CF9AE2266B7C3400A34A85 /* NKWeakProxy.m */,
			);
			path = Timer;
			sourceTree = "<group>";
		};
		18F6A0122760F48A009C9774 /* ChatList */ = {
			isa = PBXGroup;
			children = (
				18F6A00F2760F3BA009C9774 /* NKChatListViewController.h */,
				18F6A0102760F3BA009C9774 /* NKChatListViewController.m */,
				18F6A0132760F4E2009C9774 /* NKChat.h */,
				18F6A0142760F4E2009C9774 /* NKChat.m */,
				18F6A01A27625812009C9774 /* NKChatCellNode.swift */,
			);
			path = ChatList;
			sourceTree = "<group>";
		};
		3FD153DB39E05CE038C18353 /* Pods */ = {
			isa = PBXGroup;
			children = (
				E75D3746CE3375A476940D19 /* Pods-iOSStudy.debug.xcconfig */,
				5067C21F0903FF04983847D7 /* Pods-iOSStudy.release.xcconfig */,
				F213AA07291728A77E285A3A /* Pods-iOSStudy-iOSStudyUITests.debug.xcconfig */,
				A408CDC3388B2A01AFD4DBDA /* Pods-iOSStudy-iOSStudyUITests.release.xcconfig */,
				815E7214DEDCEFCF279A508F /* Pods-iOSStudyTests.debug.xcconfig */,
				91DE7C322ADD328E018A0E24 /* Pods-iOSStudyTests.release.xcconfig */,
			);
			path = Pods;
			sourceTree = "<group>";
		};
		766CF0CF272AD31E00DBC236 /* CallStack */ = {
			isa = PBXGroup;
			children = (
				182FB5522737CA53001C6DC2 /* fishhook */,
				768416FD27300B6500DC201A /* NKCallStackSymbols */,
				766CF0D6272AD44300DBC236 /* BSBacktraceLogger */,
				766CF0D0272AD34800DBC236 /* CallStackViewController.h */,
				766CF0D1272AD34800DBC236 /* CallStackViewController.m */,
			);
			path = CallStack;
			sourceTree = "<group>";
		};
		766CF0D6272AD44300DBC236 /* BSBacktraceLogger */ = {
			isa = PBXGroup;
			children = (
				766CF0D4272AD43900DBC236 /* BSBacktraceLogger.h */,
				766CF0D3272AD43900DBC236 /* BSBacktraceLogger.m */,
			);
			path = BSBacktraceLogger;
			sourceTree = "<group>";
		};
		76767CFE2715270F00540259 /* EventBus */ = {
			isa = PBXGroup;
			children = (
				76767CFF2715275100540259 /* NSNotification */,
			);
			path = EventBus;
			sourceTree = "<group>";
		};
		76767CFF2715275100540259 /* NSNotification */ = {
			isa = PBXGroup;
			children = (
				76767D002715277600540259 /* NotificationViewController.h */,
				76767D012715277600540259 /* NotificationViewController.m */,
			);
			path = NSNotification;
			sourceTree = "<group>";
		};
		767E612325A810A1007066F3 /* SDWebImage */ = {
			isa = PBXGroup;
			children = (
				767E612425A810C6007066F3 /* SDWebImageViewController.h */,
				767E612525A810C6007066F3 /* SDWebImageViewController.m */,
			);
			path = SDWebImage;
			sourceTree = "<group>";
		};
		768416FD27300B6500DC201A /* NKCallStackSymbols */ = {
			isa = PBXGroup;
			children = (
				768416FE27300B9100DC201A /* NKCallStackSymbols.h */,
				768416FF27300B9100DC201A /* NKCallStackSymbols.m */,
				76841701273012B400DC201A /* NKProcessInfo.h */,
				76841702273012B400DC201A /* NKProcessInfo.m */,
				76841704273012CD00DC201A /* NKThread.h */,
				76841705273012CD00DC201A /* NKThread.m */,
				76CC9654273168A30021EB92 /* NKStackFrame.h */,
				76CC9655273168A30021EB92 /* NKStackFrame.m */,
				7684170A2730199900DC201A /* NKStackFrameMacro.h */,
			);
			path = NKCallStackSymbols;
			sourceTree = "<group>";
		};
		76B150C825C257380075D367 /* DynamicLaunchImage */ = {
			isa = PBXGroup;
			children = (
				76B150D025C2577F0075D367 /* BBADynamicLaunchImage.h */,
				76B150CF25C2577F0075D367 /* BBADynamicLaunchImage.m */,
				76B150CA25C257540075D367 /* LaunchImageHelper.h */,
				76B150C925C257540075D367 /* LaunchImageHelper.m */,
			);
			path = DynamicLaunchImage;
			sourceTree = "<group>";
		};
		9E12B071240BBE4CBE63EECF /* Frameworks */ = {
			isa = PBXGroup;
			children = (
				566FA0030E572F51EADBDEF0 /* Pods_iOSStudy.framework */,
				0457CFF1207B5DE6C221E27A /* Pods_iOSStudy_iOSStudyUITests.framework */,
				EC6D35C70D12733982BE3901 /* Pods_iOSStudyTests.framework */,
			);
			name = Frameworks;
			sourceTree = "<group>";
		};
/* End PBXGroup section */

/* Begin PBXNativeTarget section */
		181B4EAF2635B33C0071526C /* Interview */ = {
			isa = PBXNativeTarget;
			buildConfigurationList = 181B4EB62635B33C0071526C /* Build configuration list for PBXNativeTarget "Interview" */;
			buildPhases = (
				181B4EAC2635B33C0071526C /* Sources */,
				181B4EAD2635B33C0071526C /* Frameworks */,
				181B4EAE2635B33C0071526C /* CopyFiles */,
			);
			buildRules = (
			);
			dependencies = (
			);
			name = Interview;
			productName = Interview;
			productReference = 181B4EB02635B33C0071526C /* Interview */;
			productType = "com.apple.product-type.tool";
		};
		182E14EE2597966F007343C4 /* iOSStudy */ = {
			isa = PBXNativeTarget;
			buildConfigurationList = 182E151E25979670007343C4 /* Build configuration list for PBXNativeTarget "iOSStudy" */;
			buildPhases = (
				3E75F60407D506345B5B3BEA /* [CP] Check Pods Manifest.lock */,
				182E14EB2597966F007343C4 /* Sources */,
				182E14EC2597966F007343C4 /* Frameworks */,
				182E14ED2597966F007343C4 /* Resources */,
				6818EF034284A3B95F62B5CF /* [CP] Embed Pods Frameworks */,
			);
			buildRules = (
			);
			dependencies = (
			);
			name = iOSStudy;
			productName = iOSStudy;
			productReference = 182E14EF2597966F007343C4 /* iOSStudy.app */;
			productType = "com.apple.product-type.application";
		};
		182E150925979670007343C4 /* iOSStudyTests */ = {
			isa = PBXNativeTarget;
			buildConfigurationList = 182E152125979670007343C4 /* Build configuration list for PBXNativeTarget "iOSStudyTests" */;
			buildPhases = (
				B82A301076AD6824616234A7 /* [CP] Check Pods Manifest.lock */,
				182E150625979670007343C4 /* Sources */,
				182E150725979670007343C4 /* Frameworks */,
				182E150825979670007343C4 /* Resources */,
				0EE95A3F8F69418DE20521D0 /* [CP] Embed Pods Frameworks */,
			);
			buildRules = (
			);
			dependencies = (
				182E150C25979670007343C4 /* PBXTargetDependency */,
			);
			name = iOSStudyTests;
			productName = iOSStudyTests;
			productReference = 182E150A25979670007343C4 /* iOSStudyTests.xctest */;
			productType = "com.apple.product-type.bundle.unit-test";
		};
		182E151425979670007343C4 /* iOSStudyUITests */ = {
			isa = PBXNativeTarget;
			buildConfigurationList = 182E152425979670007343C4 /* Build configuration list for PBXNativeTarget "iOSStudyUITests" */;
			buildPhases = (
				3CB99496EF2D359D9BFAF06A /* [CP] Check Pods Manifest.lock */,
				182E151125979670007343C4 /* Sources */,
				182E151225979670007343C4 /* Frameworks */,
				182E151325979670007343C4 /* Resources */,
				26100B9762B11EB4B41748BE /* [CP] Embed Pods Frameworks */,
			);
			buildRules = (
			);
			dependencies = (
				182E151725979670007343C4 /* PBXTargetDependency */,
			);
			name = iOSStudyUITests;
			productName = iOSStudyUITests;
			productReference = 182E151525979670007343C4 /* iOSStudyUITests.xctest */;
			productType = "com.apple.product-type.bundle.ui-testing";
		};
/* End PBXNativeTarget section */

/* Begin PBXProject section */
		182E14E72597966F007343C4 /* Project object */ = {
			isa = PBXProject;
			attributes = {
				LastUpgradeCheck = 1230;
				TargetAttributes = {
					181B4EAF2635B33C0071526C = {
						CreatedOnToolsVersion = 12.4;
					};
					182E14EE2597966F007343C4 = {
						CreatedOnToolsVersion = 12.3;
						LastSwiftMigration = 1300;
					};
					182E150925979670007343C4 = {
						CreatedOnToolsVersion = 12.3;
						TestTargetID = 182E14EE2597966F007343C4;
					};
					182E151425979670007343C4 = {
						CreatedOnToolsVersion = 12.3;
						TestTargetID = 182E14EE2597966F007343C4;
					};
				};
			};
			buildConfigurationList = 182E14EA2597966F007343C4 /* Build configuration list for PBXProject "iOSStudy" */;
			compatibilityVersion = "Xcode 9.3";
			developmentRegion = en;
			hasScannedForEncodings = 0;
			knownRegions = (
				en,
				Base,
			);
			mainGroup = 182E14E62597966F007343C4;
			productRefGroup = 182E14F02597966F007343C4 /* Products */;
			projectDirPath = "";
			projectRoot = "";
			targets = (
				182E14EE2597966F007343C4 /* iOSStudy */,
				182E150925979670007343C4 /* iOSStudyTests */,
				182E151425979670007343C4 /* iOSStudyUITests */,
				181B4EAF2635B33C0071526C /* Interview */,
			);
		};
/* End PBXProject section */

/* Begin PBXResourcesBuildPhase section */
		182E14ED2597966F007343C4 /* Resources */ = {
			isa = PBXResourcesBuildPhase;
			buildActionMask = 2147483647;
			files = (
				182E150225979670007343C4 /* LaunchScreen.storyboard in Resources */,
				182E14FF25979670007343C4 /* Assets.xcassets in Resources */,
			);
			runOnlyForDeploymentPostprocessing = 0;
		};
		182E150825979670007343C4 /* Resources */ = {
			isa = PBXResourcesBuildPhase;
			buildActionMask = 2147483647;
			files = (
			);
			runOnlyForDeploymentPostprocessing = 0;
		};
		182E151325979670007343C4 /* Resources */ = {
			isa = PBXResourcesBuildPhase;
			buildActionMask = 2147483647;
			files = (
			);
			runOnlyForDeploymentPostprocessing = 0;
		};
/* End PBXResourcesBuildPhase section */

/* Begin PBXShellScriptBuildPhase section */
		0EE95A3F8F69418DE20521D0 /* [CP] Embed Pods Frameworks */ = {
			isa = PBXShellScriptBuildPhase;
			buildActionMask = 2147483647;
			files = (
			);
			inputFileListPaths = (
				"${PODS_ROOT}/Target Support Files/Pods-iOSStudyTests/Pods-iOSStudyTests-frameworks-${CONFIGURATION}-input-files.xcfilelist",
			);
			name = "[CP] Embed Pods Frameworks";
			outputFileListPaths = (
				"${PODS_ROOT}/Target Support Files/Pods-iOSStudyTests/Pods-iOSStudyTests-frameworks-${CONFIGURATION}-output-files.xcfilelist",
			);
			runOnlyForDeploymentPostprocessing = 0;
			shellPath = /bin/sh;
			shellScript = "\"${PODS_ROOT}/Target Support Files/Pods-iOSStudyTests/Pods-iOSStudyTests-frameworks.sh\"\n";
			showEnvVarsInLog = 0;
		};
		26100B9762B11EB4B41748BE /* [CP] Embed Pods Frameworks */ = {
			isa = PBXShellScriptBuildPhase;
			buildActionMask = 2147483647;
			files = (
			);
			inputFileListPaths = (
				"${PODS_ROOT}/Target Support Files/Pods-iOSStudy-iOSStudyUITests/Pods-iOSStudy-iOSStudyUITests-frameworks-${CONFIGURATION}-input-files.xcfilelist",
			);
			name = "[CP] Embed Pods Frameworks";
			outputFileListPaths = (
				"${PODS_ROOT}/Target Support Files/Pods-iOSStudy-iOSStudyUITests/Pods-iOSStudy-iOSStudyUITests-frameworks-${CONFIGURATION}-output-files.xcfilelist",
			);
			runOnlyForDeploymentPostprocessing = 0;
			shellPath = /bin/sh;
			shellScript = "\"${PODS_ROOT}/Target Support Files/Pods-iOSStudy-iOSStudyUITests/Pods-iOSStudy-iOSStudyUITests-frameworks.sh\"\n";
			showEnvVarsInLog = 0;
		};
		3CB99496EF2D359D9BFAF06A /* [CP] Check Pods Manifest.lock */ = {
			isa = PBXShellScriptBuildPhase;
			buildActionMask = 2147483647;
			files = (
			);
			inputFileListPaths = (
			);
			inputPaths = (
				"${PODS_PODFILE_DIR_PATH}/Podfile.lock",
				"${PODS_ROOT}/Manifest.lock",
			);
			name = "[CP] Check Pods Manifest.lock";
			outputFileListPaths = (
			);
			outputPaths = (
				"$(DERIVED_FILE_DIR)/Pods-iOSStudy-iOSStudyUITests-checkManifestLockResult.txt",
			);
			runOnlyForDeploymentPostprocessing = 0;
			shellPath = /bin/sh;
			shellScript = "diff \"${PODS_PODFILE_DIR_PATH}/Podfile.lock\" \"${PODS_ROOT}/Manifest.lock\" > /dev/null\nif [ $? != 0 ] ; then\n    # print error to STDERR\n    echo \"error: The sandbox is not in sync with the Podfile.lock. Run 'pod install' or update your CocoaPods installation.\" >&2\n    exit 1\nfi\n# This output is used by Xcode 'outputs' to avoid re-running this script phase.\necho \"SUCCESS\" > \"${SCRIPT_OUTPUT_FILE_0}\"\n";
			showEnvVarsInLog = 0;
		};
		3E75F60407D506345B5B3BEA /* [CP] Check Pods Manifest.lock */ = {
			isa = PBXShellScriptBuildPhase;
			buildActionMask = 2147483647;
			files = (
			);
			inputFileListPaths = (
			);
			inputPaths = (
				"${PODS_PODFILE_DIR_PATH}/Podfile.lock",
				"${PODS_ROOT}/Manifest.lock",
			);
			name = "[CP] Check Pods Manifest.lock";
			outputFileListPaths = (
			);
			outputPaths = (
				"$(DERIVED_FILE_DIR)/Pods-iOSStudy-checkManifestLockResult.txt",
			);
			runOnlyForDeploymentPostprocessing = 0;
			shellPath = /bin/sh;
			shellScript = "diff \"${PODS_PODFILE_DIR_PATH}/Podfile.lock\" \"${PODS_ROOT}/Manifest.lock\" > /dev/null\nif [ $? != 0 ] ; then\n    # print error to STDERR\n    echo \"error: The sandbox is not in sync with the Podfile.lock. Run 'pod install' or update your CocoaPods installation.\" >&2\n    exit 1\nfi\n# This output is used by Xcode 'outputs' to avoid re-running this script phase.\necho \"SUCCESS\" > \"${SCRIPT_OUTPUT_FILE_0}\"\n";
			showEnvVarsInLog = 0;
		};
		6818EF034284A3B95F62B5CF /* [CP] Embed Pods Frameworks */ = {
			isa = PBXShellScriptBuildPhase;
			buildActionMask = 2147483647;
			files = (
			);
			inputFileListPaths = (
				"${PODS_ROOT}/Target Support Files/Pods-iOSStudy/Pods-iOSStudy-frameworks-${CONFIGURATION}-input-files.xcfilelist",
			);
			name = "[CP] Embed Pods Frameworks";
			outputFileListPaths = (
				"${PODS_ROOT}/Target Support Files/Pods-iOSStudy/Pods-iOSStudy-frameworks-${CONFIGURATION}-output-files.xcfilelist",
			);
			runOnlyForDeploymentPostprocessing = 0;
			shellPath = /bin/sh;
			shellScript = "\"${PODS_ROOT}/Target Support Files/Pods-iOSStudy/Pods-iOSStudy-frameworks.sh\"\n";
			showEnvVarsInLog = 0;
		};
		B82A301076AD6824616234A7 /* [CP] Check Pods Manifest.lock */ = {
			isa = PBXShellScriptBuildPhase;
			buildActionMask = 2147483647;
			files = (
			);
			inputFileListPaths = (
			);
			inputPaths = (
				"${PODS_PODFILE_DIR_PATH}/Podfile.lock",
				"${PODS_ROOT}/Manifest.lock",
			);
			name = "[CP] Check Pods Manifest.lock";
			outputFileListPaths = (
			);
			outputPaths = (
				"$(DERIVED_FILE_DIR)/Pods-iOSStudyTests-checkManifestLockResult.txt",
			);
			runOnlyForDeploymentPostprocessing = 0;
			shellPath = /bin/sh;
			shellScript = "diff \"${PODS_PODFILE_DIR_PATH}/Podfile.lock\" \"${PODS_ROOT}/Manifest.lock\" > /dev/null\nif [ $? != 0 ] ; then\n    # print error to STDERR\n    echo \"error: The sandbox is not in sync with the Podfile.lock. Run 'pod install' or update your CocoaPods installation.\" >&2\n    exit 1\nfi\n# This output is used by Xcode 'outputs' to avoid re-running this script phase.\necho \"SUCCESS\" > \"${SCRIPT_OUTPUT_FILE_0}\"\n";
			showEnvVarsInLog = 0;
		};
/* End PBXShellScriptBuildPhase section */

/* Begin PBXSourcesBuildPhase section */
		181B4EAC2635B33C0071526C /* Sources */ = {
			isa = PBXSourcesBuildPhase;
			buildActionMask = 2147483647;
			files = (
				1801B91126DFBD7300639E72 /* NKDictionary.m in Sources */,
				186E35962644264200FC810F /* NSObject+RetainCount.m in Sources */,
				186E35922644225200FC810F /* NKBlockCaptureObject.m in Sources */,
				181B4EBF2635B3A00071526C /* NKClassEntry.m in Sources */,
				186E359A2650DBB000FC810F /* NKRuntime.mm in Sources */,
				184165E826E31403001398C5 /* NKProxy.m in Sources */,
				181B4EB32635B33C0071526C /* main.m in Sources */,
				186E358F2640E4A400FC810F /* NKBlockEntry.m in Sources */,
				18A9371426C78AEF000088B7 /* Synchronized.m in Sources */,
			);
			runOnlyForDeploymentPostprocessing = 0;
		};
		182E14EB2597966F007343C4 /* Sources */ = {
			isa = PBXSourcesBuildPhase;
			buildActionMask = 2147483647;
			files = (
				182B99AF26F8C90500F55ECD /* NKViewA.m in Sources */,
				182B99AC26F8C00100F55ECD /* NKResponderChainViewController.m in Sources */,
				182E154E25981624007343C4 /* FeatureListViewController.m in Sources */,
				18CF9AD92669A73500A34A85 /* NKHTTPClient.m in Sources */,
				18F6A01B27625812009C9774 /* NKChatCellNode.swift in Sources */,
				766CF0D5272AD43900DBC236 /* BSBacktraceLogger.m in Sources */,
				189EBE08276504BC00FD92BA /* UINavigationBar+NKExtension.m in Sources */,
				182E154825980A8C007343C4 /* BaseViewController.m in Sources */,
				186CE6D825989E5200EA71B8 /* NKAsyncLayer.m in Sources */,
				186CE6DE25989E6F00EA71B8 /* NKLabel.m in Sources */,
				18A2FEF22760426F00864595 /* NKIGListKitViewController.m in Sources */,
				18A9371026C7887C000088B7 /* NSObject+RetainCount.m in Sources */,
				182E14F42597966F007343C4 /* AppDelegate.m in Sources */,
				76841706273012CD00DC201A /* NKThread.m in Sources */,
				18F6A00E2760F1EC009C9774 /* ASTextNodeViewController.m in Sources */,
				76E441A826E88DE00020C828 /* NKMonitor.m in Sources */,
				18A2FC652752870B00864595 /* HMHTTPTransactionMetrics.m in Sources */,
				189EBE022764FECD00FD92BA /* BaseASDKViewController.m in Sources */,
				18A2FC562752018000864595 /* UIDeviceMetrics.m in Sources */,
				186CE6F32598C63700EA71B8 /* NKTextContainer.m in Sources */,
				1854064327511ED700EDB9A5 /* NetworkViewController.m in Sources */,
				76B150D125C2577F0075D367 /* BBADynamicLaunchImage.m in Sources */,
				186CE6F92598CE2000EA71B8 /* NKTextMacro.m in Sources */,
				766CF0D2272AD34800DBC236 /* CallStackViewController.m in Sources */,
				7684170027300B9100DC201A /* NKCallStackSymbols.m in Sources */,
				76767D022715277600540259 /* NotificationViewController.m in Sources */,
				182B99B226F8DC9B00F55ECD /* NKTapGestureRecognizer.m in Sources */,
				186CE6CC259829A300EA71B8 /* YYKitViewController.m in Sources */,
				76841703273012B400DC201A /* NKProcessInfo.m in Sources */,
				18CF9AE3266B7C3400A34A85 /* NKWeakProxy.m in Sources */,
				186CE6CD259829A300EA71B8 /* MDHTMLLabel.m in Sources */,
				189EBE0B2765093800FD92BA /* UIWindow+SafeAreaInsets.m in Sources */,
				182B99B926FE1D2800F55ECD /* LayoutBgView.m in Sources */,
				18CF9AE0266B753000A34A85 /* NKTimerViewController.m in Sources */,
				18A9370F26C78638000088B7 /* LockViewController.m in Sources */,
				18CF9AD62663E05300A34A85 /* NKGCDViewController.m in Sources */,
				186CE6C02598298A00EA71B8 /* UIScreen+NKExtension.m in Sources */,
				187867F82713319200C87E48 /* OffScreenViewController.m in Sources */,
				18A2FEEE275FADCB00864595 /* NKTextureViewController.m in Sources */,
				18F6A0152760F4E2009C9774 /* NKChat.m in Sources */,
				18A2FC5C27527E9700864595 /* HTTPMetricsManager.m in Sources */,
				180C6BF926FEC6E3004EEB67 /* LayoutLayer.m in Sources */,
				18A2FC68275CBF8B00864595 /* NSURLSession+Metrics.m in Sources */,
				186CE7002598D5D300EA71B8 /* NKTextViewController.m in Sources */,
				186CE6CE259829A300EA71B8 /* MDHTMLViewController.m in Sources */,
				181A8AF526D71F3800922CA6 /* NKOperationViewController.m in Sources */,
				768715EF25B06727005C14A8 /* NKTextAttribute.m in Sources */,
				767E612625A810C6007066F3 /* SDWebImageViewController.m in Sources */,
				184165E026E0598D001398C5 /* NSObject+GCD.m in Sources */,
				182B99B626FE1C9700F55ECD /* LayoutViewController.m in Sources */,
				182E150525979670007343C4 /* main.m in Sources */,
				184165E426E27A18001398C5 /* NKPortViewController.m in Sources */,
				186CE70925995E4E00EA71B8 /* NKTextLine.m in Sources */,
				1855C87D2737CF540038E3AD /* FishhookViewController.m in Sources */,
				18A2FC6B275CC2DB00864595 /* NSURLSessionDelegateProxy.m in Sources */,
				76767D0A2716DDF800540259 /* NKRunLoopActivityMonitor.m in Sources */,
				76B150CB25C257540075D367 /* LaunchImageHelper.m in Sources */,
				76CC9656273168A30021EB92 /* NKStackFrame.m in Sources */,
				18F6A0112760F3BA009C9774 /* NKChatListViewController.m in Sources */,
				184165EC26E38506001398C5 /* NKCrashViewController.m in Sources */,
				186CE6ED2598C60C00EA71B8 /* NKTextLayout.m in Sources */,
				1855C8852737D0DD0038E3AD /* fishhook.c in Sources */,
				18CF9AD2265D4C1D00A34A85 /* NKRunLoopViewController.m in Sources */,
				184165DD26E04F43001398C5 /* NKUIViewLifeCircleController.m in Sources */,
				763A4F5F25BACBB900A46471 /* NKCGUtilities.m in Sources */,
			);
			runOnlyForDeploymentPostprocessing = 0;
		};
		182E150625979670007343C4 /* Sources */ = {
			isa = PBXSourcesBuildPhase;
			buildActionMask = 2147483647;
			files = (
				182E150F25979670007343C4 /* iOSStudyTests.m in Sources */,
				18CF9ADB2669AA4F00A34A85 /* NKHTTPClientTest.m in Sources */,
			);
			runOnlyForDeploymentPostprocessing = 0;
		};
		182E151125979670007343C4 /* Sources */ = {
			isa = PBXSourcesBuildPhase;
			buildActionMask = 2147483647;
			files = (
				182E151A25979670007343C4 /* iOSStudyUITests.m in Sources */,
			);
			runOnlyForDeploymentPostprocessing = 0;
		};
/* End PBXSourcesBuildPhase section */

/* Begin PBXTargetDependency section */
		182E150C25979670007343C4 /* PBXTargetDependency */ = {
			isa = PBXTargetDependency;
			target = 182E14EE2597966F007343C4 /* iOSStudy */;
			targetProxy = 182E150B25979670007343C4 /* PBXContainerItemProxy */;
		};
		182E151725979670007343C4 /* PBXTargetDependency */ = {
			isa = PBXTargetDependency;
			target = 182E14EE2597966F007343C4 /* iOSStudy */;
			targetProxy = 182E151625979670007343C4 /* PBXContainerItemProxy */;
		};
/* End PBXTargetDependency section */

/* Begin PBXVariantGroup section */
		182E150025979670007343C4 /* LaunchScreen.storyboard */ = {
			isa = PBXVariantGroup;
			children = (
				182E150125979670007343C4 /* Base */,
			);
			name = LaunchScreen.storyboard;
			sourceTree = "<group>";
		};
/* End PBXVariantGroup section */

/* Begin XCBuildConfiguration section */
		181B4EB42635B33C0071526C /* Debug */ = {
			isa = XCBuildConfiguration;
			buildSettings = {
				CODE_SIGN_STYLE = Automatic;
				DEVELOPMENT_TEAM = PAXG53JU3J;
				ENABLE_HARDENED_RUNTIME = YES;
				MACOSX_DEPLOYMENT_TARGET = 11.1;
				PRODUCT_NAME = "$(TARGET_NAME)";
				SDKROOT = macosx;
			};
			name = Debug;
		};
		181B4EB52635B33C0071526C /* Release */ = {
			isa = XCBuildConfiguration;
			buildSettings = {
				CODE_SIGN_STYLE = Automatic;
				DEVELOPMENT_TEAM = PAXG53JU3J;
				ENABLE_HARDENED_RUNTIME = YES;
				MACOSX_DEPLOYMENT_TARGET = 11.1;
				PRODUCT_NAME = "$(TARGET_NAME)";
				SDKROOT = macosx;
			};
			name = Release;
		};
		182E151C25979670007343C4 /* Debug */ = {
			isa = XCBuildConfiguration;
			buildSettings = {
				ALWAYS_SEARCH_USER_PATHS = NO;
				CLANG_ANALYZER_NONNULL = YES;
				CLANG_ANALYZER_NUMBER_OBJECT_CONVERSION = YES_AGGRESSIVE;
				CLANG_CXX_LANGUAGE_STANDARD = "gnu++14";
				CLANG_CXX_LIBRARY = "libc++";
				CLANG_ENABLE_MODULES = YES;
				CLANG_ENABLE_OBJC_ARC = YES;
				CLANG_ENABLE_OBJC_WEAK = YES;
				CLANG_WARN_BLOCK_CAPTURE_AUTORELEASING = YES;
				CLANG_WARN_BOOL_CONVERSION = YES;
				CLANG_WARN_COMMA = YES;
				CLANG_WARN_CONSTANT_CONVERSION = YES;
				CLANG_WARN_DEPRECATED_OBJC_IMPLEMENTATIONS = YES;
				CLANG_WARN_DIRECT_OBJC_ISA_USAGE = YES_ERROR;
				CLANG_WARN_DOCUMENTATION_COMMENTS = YES;
				CLANG_WARN_EMPTY_BODY = YES;
				CLANG_WARN_ENUM_CONVERSION = YES;
				CLANG_WARN_INFINITE_RECURSION = YES;
				CLANG_WARN_INT_CONVERSION = YES;
				CLANG_WARN_NON_LITERAL_NULL_CONVERSION = YES;
				CLANG_WARN_OBJC_IMPLICIT_RETAIN_SELF = YES;
				CLANG_WARN_OBJC_LITERAL_CONVERSION = YES;
				CLANG_WARN_OBJC_ROOT_CLASS = YES_ERROR;
				CLANG_WARN_QUOTED_INCLUDE_IN_FRAMEWORK_HEADER = YES;
				CLANG_WARN_RANGE_LOOP_ANALYSIS = YES;
				CLANG_WARN_STRICT_PROTOTYPES = YES;
				CLANG_WARN_SUSPICIOUS_MOVE = YES;
				CLANG_WARN_UNGUARDED_AVAILABILITY = YES_AGGRESSIVE;
				CLANG_WARN_UNREACHABLE_CODE = YES;
				CLANG_WARN__DUPLICATE_METHOD_MATCH = YES;
				COPY_PHASE_STRIP = NO;
				DEBUG_INFORMATION_FORMAT = dwarf;
				ENABLE_STRICT_OBJC_MSGSEND = YES;
				ENABLE_TESTABILITY = YES;
				GCC_C_LANGUAGE_STANDARD = gnu11;
				GCC_DYNAMIC_NO_PIC = NO;
				GCC_NO_COMMON_BLOCKS = YES;
				GCC_OPTIMIZATION_LEVEL = 0;
				GCC_PREPROCESSOR_DEFINITIONS = (
					"DEBUG=1",
					"$(inherited)",
				);
				GCC_WARN_64_TO_32_BIT_CONVERSION = YES;
				GCC_WARN_ABOUT_RETURN_TYPE = YES_ERROR;
				GCC_WARN_UNDECLARED_SELECTOR = YES;
				GCC_WARN_UNINITIALIZED_AUTOS = YES_AGGRESSIVE;
				GCC_WARN_UNUSED_FUNCTION = YES;
				GCC_WARN_UNUSED_VARIABLE = YES;
				IPHONEOS_DEPLOYMENT_TARGET = 13.0;
				MTL_ENABLE_DEBUG_INFO = INCLUDE_SOURCE;
				MTL_FAST_MATH = YES;
				ONLY_ACTIVE_ARCH = YES;
				SDKROOT = iphoneos;
			};
			name = Debug;
		};
		182E151D25979670007343C4 /* Release */ = {
			isa = XCBuildConfiguration;
			buildSettings = {
				ALWAYS_SEARCH_USER_PATHS = NO;
				CLANG_ANALYZER_NONNULL = YES;
				CLANG_ANALYZER_NUMBER_OBJECT_CONVERSION = YES_AGGRESSIVE;
				CLANG_CXX_LANGUAGE_STANDARD = "gnu++14";
				CLANG_CXX_LIBRARY = "libc++";
				CLANG_ENABLE_MODULES = YES;
				CLANG_ENABLE_OBJC_ARC = YES;
				CLANG_ENABLE_OBJC_WEAK = YES;
				CLANG_WARN_BLOCK_CAPTURE_AUTORELEASING = YES;
				CLANG_WARN_BOOL_CONVERSION = YES;
				CLANG_WARN_COMMA = YES;
				CLANG_WARN_CONSTANT_CONVERSION = YES;
				CLANG_WARN_DEPRECATED_OBJC_IMPLEMENTATIONS = YES;
				CLANG_WARN_DIRECT_OBJC_ISA_USAGE = YES_ERROR;
				CLANG_WARN_DOCUMENTATION_COMMENTS = YES;
				CLANG_WARN_EMPTY_BODY = YES;
				CLANG_WARN_ENUM_CONVERSION = YES;
				CLANG_WARN_INFINITE_RECURSION = YES;
				CLANG_WARN_INT_CONVERSION = YES;
				CLANG_WARN_NON_LITERAL_NULL_CONVERSION = YES;
				CLANG_WARN_OBJC_IMPLICIT_RETAIN_SELF = YES;
				CLANG_WARN_OBJC_LITERAL_CONVERSION = YES;
				CLANG_WARN_OBJC_ROOT_CLASS = YES_ERROR;
				CLANG_WARN_QUOTED_INCLUDE_IN_FRAMEWORK_HEADER = YES;
				CLANG_WARN_RANGE_LOOP_ANALYSIS = YES;
				CLANG_WARN_STRICT_PROTOTYPES = YES;
				CLANG_WARN_SUSPICIOUS_MOVE = YES;
				CLANG_WARN_UNGUARDED_AVAILABILITY = YES_AGGRESSIVE;
				CLANG_WARN_UNREACHABLE_CODE = YES;
				CLANG_WARN__DUPLICATE_METHOD_MATCH = YES;
				COPY_PHASE_STRIP = NO;
				DEBUG_INFORMATION_FORMAT = "dwarf-with-dsym";
				ENABLE_NS_ASSERTIONS = NO;
				ENABLE_STRICT_OBJC_MSGSEND = YES;
				GCC_C_LANGUAGE_STANDARD = gnu11;
				GCC_NO_COMMON_BLOCKS = YES;
				GCC_WARN_64_TO_32_BIT_CONVERSION = YES;
				GCC_WARN_ABOUT_RETURN_TYPE = YES_ERROR;
				GCC_WARN_UNDECLARED_SELECTOR = YES;
				GCC_WARN_UNINITIALIZED_AUTOS = YES_AGGRESSIVE;
				GCC_WARN_UNUSED_FUNCTION = YES;
				GCC_WARN_UNUSED_VARIABLE = YES;
				IPHONEOS_DEPLOYMENT_TARGET = 13.0;
				MTL_ENABLE_DEBUG_INFO = NO;
				MTL_FAST_MATH = YES;
				SDKROOT = iphoneos;
				VALIDATE_PRODUCT = YES;
			};
			name = Release;
		};
		182E151F25979670007343C4 /* Debug */ = {
			isa = XCBuildConfiguration;
			baseConfigurationReference = E75D3746CE3375A476940D19 /* Pods-iOSStudy.debug.xcconfig */;
			buildSettings = {
				ASSETCATALOG_COMPILER_APPICON_NAME = AppIcon;
				ASSETCATALOG_COMPILER_GLOBAL_ACCENT_COLOR_NAME = AccentColor;
				CLANG_ENABLE_MODULES = YES;
				CODE_SIGN_IDENTITY = "Apple Development";
				CODE_SIGN_STYLE = Automatic;
				DEVELOPMENT_TEAM = 733RR644TP;
				GCC_PREFIX_HEADER = "$(SRCROOT)/iOSStudy/iOSStudy.pch";
				INFOPLIST_FILE = iOSStudy/Info.plist;
				LD_RUNPATH_SEARCH_PATHS = (
					"$(inherited)",
					"@executable_path/Frameworks",
				);
				PRODUCT_BUNDLE_IDENTIFIER = com.nchkdxlq.iOSStudy;
				PRODUCT_NAME = "$(TARGET_NAME)";
				PROVISIONING_PROFILE_SPECIFIER = "";
				SWIFT_OBJC_BRIDGING_HEADER = "iOSStudy/iOSStudy-Bridging-Header.h";
				SWIFT_OPTIMIZATION_LEVEL = "-Onone";
				SWIFT_VERSION = 5.0;
				TARGETED_DEVICE_FAMILY = 1;
			};
			name = Debug;
		};
		182E152025979670007343C4 /* Release */ = {
			isa = XCBuildConfiguration;
			baseConfigurationReference = 5067C21F0903FF04983847D7 /* Pods-iOSStudy.release.xcconfig */;
			buildSettings = {
				ASSETCATALOG_COMPILER_APPICON_NAME = AppIcon;
				ASSETCATALOG_COMPILER_GLOBAL_ACCENT_COLOR_NAME = AccentColor;
				CLANG_ENABLE_MODULES = YES;
				CODE_SIGN_IDENTITY = "Apple Development";
				CODE_SIGN_STYLE = Automatic;
				DEVELOPMENT_TEAM = 733RR644TP;
				GCC_PREFIX_HEADER = "$(SRCROOT)/iOSStudy/iOSStudy.pch";
				INFOPLIST_FILE = iOSStudy/Info.plist;
				LD_RUNPATH_SEARCH_PATHS = (
					"$(inherited)",
					"@executable_path/Frameworks",
				);
				PRODUCT_BUNDLE_IDENTIFIER = com.nchkdxlq.iOSStudy;
				PRODUCT_NAME = "$(TARGET_NAME)";
				PROVISIONING_PROFILE_SPECIFIER = "";
				SWIFT_OBJC_BRIDGING_HEADER = "iOSStudy/iOSStudy-Bridging-Header.h";
				SWIFT_VERSION = 5.0;
				TARGETED_DEVICE_FAMILY = 1;
			};
			name = Release;
		};
		182E152225979670007343C4 /* Debug */ = {
			isa = XCBuildConfiguration;
			baseConfigurationReference = 815E7214DEDCEFCF279A508F /* Pods-iOSStudyTests.debug.xcconfig */;
			buildSettings = {
				ALWAYS_EMBED_SWIFT_STANDARD_LIBRARIES = YES;
				BUNDLE_LOADER = "$(TEST_HOST)";
				CODE_SIGN_STYLE = Automatic;
				DEVELOPMENT_TEAM = PAXG53JU3J;
				INFOPLIST_FILE = iOSStudyTests/Info.plist;
				IPHONEOS_DEPLOYMENT_TARGET = 14.3;
				LD_RUNPATH_SEARCH_PATHS = (
					"$(inherited)",
					"@executable_path/Frameworks",
					"@loader_path/Frameworks",
				);
				PRODUCT_BUNDLE_IDENTIFIER = com.knox.iOSStudyTests;
				PRODUCT_NAME = "$(TARGET_NAME)";
				TARGETED_DEVICE_FAMILY = "1,2";
				TEST_HOST = "$(BUILT_PRODUCTS_DIR)/iOSStudy.app/iOSStudy";
			};
			name = Debug;
		};
		182E152325979670007343C4 /* Release */ = {
			isa = XCBuildConfiguration;
			baseConfigurationReference = 91DE7C322ADD328E018A0E24 /* Pods-iOSStudyTests.release.xcconfig */;
			buildSettings = {
				ALWAYS_EMBED_SWIFT_STANDARD_LIBRARIES = YES;
				BUNDLE_LOADER = "$(TEST_HOST)";
				CODE_SIGN_STYLE = Automatic;
				DEVELOPMENT_TEAM = PAXG53JU3J;
				INFOPLIST_FILE = iOSStudyTests/Info.plist;
				IPHONEOS_DEPLOYMENT_TARGET = 14.3;
				LD_RUNPATH_SEARCH_PATHS = (
					"$(inherited)",
					"@executable_path/Frameworks",
					"@loader_path/Frameworks",
				);
				PRODUCT_BUNDLE_IDENTIFIER = com.knox.iOSStudyTests;
				PRODUCT_NAME = "$(TARGET_NAME)";
				TARGETED_DEVICE_FAMILY = "1,2";
				TEST_HOST = "$(BUILT_PRODUCTS_DIR)/iOSStudy.app/iOSStudy";
			};
			name = Release;
		};
		182E152525979670007343C4 /* Debug */ = {
			isa = XCBuildConfiguration;
			baseConfigurationReference = F213AA07291728A77E285A3A /* Pods-iOSStudy-iOSStudyUITests.debug.xcconfig */;
			buildSettings = {
				ALWAYS_EMBED_SWIFT_STANDARD_LIBRARIES = YES;
				CODE_SIGN_STYLE = Automatic;
				DEVELOPMENT_TEAM = PAXG53JU3J;
				INFOPLIST_FILE = iOSStudyUITests/Info.plist;
				LD_RUNPATH_SEARCH_PATHS = (
					"$(inherited)",
					"@executable_path/Frameworks",
					"@loader_path/Frameworks",
				);
				PRODUCT_BUNDLE_IDENTIFIER = com.knox.iOSStudyUITests;
				PRODUCT_NAME = "$(TARGET_NAME)";
				TARGETED_DEVICE_FAMILY = "1,2";
				TEST_TARGET_NAME = iOSStudy;
			};
			name = Debug;
		};
		182E152625979670007343C4 /* Release */ = {
			isa = XCBuildConfiguration;
			baseConfigurationReference = A408CDC3388B2A01AFD4DBDA /* Pods-iOSStudy-iOSStudyUITests.release.xcconfig */;
			buildSettings = {
				ALWAYS_EMBED_SWIFT_STANDARD_LIBRARIES = YES;
				CODE_SIGN_STYLE = Automatic;
				DEVELOPMENT_TEAM = PAXG53JU3J;
				INFOPLIST_FILE = iOSStudyUITests/Info.plist;
				LD_RUNPATH_SEARCH_PATHS = (
					"$(inherited)",
					"@executable_path/Frameworks",
					"@loader_path/Frameworks",
				);
				PRODUCT_BUNDLE_IDENTIFIER = com.knox.iOSStudyUITests;
				PRODUCT_NAME = "$(TARGET_NAME)";
				TARGETED_DEVICE_FAMILY = "1,2";
				TEST_TARGET_NAME = iOSStudy;
			};
			name = Release;
		};
/* End XCBuildConfiguration section */

/* Begin XCConfigurationList section */
		181B4EB62635B33C0071526C /* Build configuration list for PBXNativeTarget "Interview" */ = {
			isa = XCConfigurationList;
			buildConfigurations = (
				181B4EB42635B33C0071526C /* Debug */,
				181B4EB52635B33C0071526C /* Release */,
			);
			defaultConfigurationIsVisible = 0;
			defaultConfigurationName = Release;
		};
		182E14EA2597966F007343C4 /* Build configuration list for PBXProject "iOSStudy" */ = {
			isa = XCConfigurationList;
			buildConfigurations = (
				182E151C25979670007343C4 /* Debug */,
				182E151D25979670007343C4 /* Release */,
			);
			defaultConfigurationIsVisible = 0;
			defaultConfigurationName = Release;
		};
		182E151E25979670007343C4 /* Build configuration list for PBXNativeTarget "iOSStudy" */ = {
			isa = XCConfigurationList;
			buildConfigurations = (
				182E151F25979670007343C4 /* Debug */,
				182E152025979670007343C4 /* Release */,
			);
			defaultConfigurationIsVisible = 0;
			defaultConfigurationName = Release;
		};
		182E152125979670007343C4 /* Build configuration list for PBXNativeTarget "iOSStudyTests" */ = {
			isa = XCConfigurationList;
			buildConfigurations = (
				182E152225979670007343C4 /* Debug */,
				182E152325979670007343C4 /* Release */,
			);
			defaultConfigurationIsVisible = 0;
			defaultConfigurationName = Release;
		};
		182E152425979670007343C4 /* Build configuration list for PBXNativeTarget "iOSStudyUITests" */ = {
			isa = XCConfigurationList;
			buildConfigurations = (
				182E152525979670007343C4 /* Debug */,
				182E152625979670007343C4 /* Release */,
			);
			defaultConfigurationIsVisible = 0;
			defaultConfigurationName = Release;
		};
/* End XCConfigurationList section */
	};
	rootObject = 182E14E72597966F007343C4 /* Project object */;
}
